// !$*UTF8*$!
{
	archiveVersion = 1;
	classes = {
	};
	objectVersion = 50;
	objects = {

/* Begin PBXBuildFile section */
		3A2686BF215EC1250058D4DC /* UIViewController + Alerts.swift in Sources */ = {isa = PBXBuildFile; fileRef = 3A2686BE215EC1250058D4DC /* UIViewController + Alerts.swift */; };
		3A3404502165ECDC00D3FFB9 /* Conversations.storyboard in Resources */ = {isa = PBXBuildFile; fileRef = 3A34044F2165ECDC00D3FFB9 /* Conversations.storyboard */; };
		3A3404642165FA9C00D3FFB9 /* Date + String.swift in Sources */ = {isa = PBXBuildFile; fileRef = 3A3404632165FA9C00D3FFB9 /* Date + String.swift */; };
		3A4070C32153ADAE00AA9583 /* AppDelegate.swift in Sources */ = {isa = PBXBuildFile; fileRef = 3A4070C22153ADAE00AA9583 /* AppDelegate.swift */; };
		3A4070CA2153ADB000AA9583 /* Assets.xcassets in Resources */ = {isa = PBXBuildFile; fileRef = 3A4070C92153ADB000AA9583 /* Assets.xcassets */; };
		3A4070CD2153ADB000AA9583 /* LaunchScreen.storyboard in Resources */ = {isa = PBXBuildFile; fileRef = 3A4070CB2153ADB000AA9583 /* LaunchScreen.storyboard */; };
		3A4070D82153ADB000AA9583 /* tinkoffChatTests.swift in Sources */ = {isa = PBXBuildFile; fileRef = 3A4070D72153ADB000AA9583 /* tinkoffChatTests.swift */; };
		3ADEC7F421BAED2400A4E5B5 /* ThemeTest.swift in Sources */ = {isa = PBXBuildFile; fileRef = 3ADEC7F321BAED2400A4E5B5 /* ThemeTest.swift */; };
		3AF34C5B21729B220072BBD3 /* ProfileViewController.swift in Sources */ = {isa = PBXBuildFile; fileRef = 3A4070C42153ADAE00AA9583 /* ProfileViewController.swift */; };
		3AF415302198278B0028CA39 /* TableVIew + Scroll.swift in Sources */ = {isa = PBXBuildFile; fileRef = 3AF4152F2198278B0028CA39 /* TableVIew + Scroll.swift */; };
		3AF4A761218A1E4E00CBE95C /* CoreDataStack.swift in Sources */ = {isa = PBXBuildFile; fileRef = 3AF4A760218A1E4E00CBE95C /* CoreDataStack.swift */; };
		3AF565E0216754D40074BE3D /* NSMutableAttributedString + Bold.swift in Sources */ = {isa = PBXBuildFile; fileRef = 3AF565DF216754D40074BE3D /* NSMutableAttributedString + Bold.swift */; };
		3AF6DD04219F375100BB0F50 /* Message+CoreData.swift in Sources */ = {isa = PBXBuildFile; fileRef = 3AF6DD03219F375100BB0F50 /* Message+CoreData.swift */; };
		3AF6DD06219F381400BB0F50 /* AppUser+CoreData.swift in Sources */ = {isa = PBXBuildFile; fileRef = 3AF6DD05219F381400BB0F50 /* AppUser+CoreData.swift */; };
		3AF6DD08219F385000BB0F50 /* User+CoreData.swift in Sources */ = {isa = PBXBuildFile; fileRef = 3AF6DD07219F385000BB0F50 /* User+CoreData.swift */; };
		3AF6DD0A219F387200BB0F50 /* Conversation+CoreData.swift in Sources */ = {isa = PBXBuildFile; fileRef = 3AF6DD09219F387200BB0F50 /* Conversation+CoreData.swift */; };
		3AF6DD0D219F38D500BB0F50 /* Profile.xcdatamodeld in Sources */ = {isa = PBXBuildFile; fileRef = 3AF6DD0B219F38D500BB0F50 /* Profile.xcdatamodeld */; };
		3AF6DD10219F475900BB0F50 /* ServicesAssembly.swift in Sources */ = {isa = PBXBuildFile; fileRef = 3AF6DD0F219F475900BB0F50 /* ServicesAssembly.swift */; };
		3AF6DD13219F483000BB0F50 /* UserGCDStorageService.swift in Sources */ = {isa = PBXBuildFile; fileRef = 3AF6DD12219F483000BB0F50 /* UserGCDStorageService.swift */; };
		3AF6DD15219F489B00BB0F50 /* UserOperationStorageService.swift in Sources */ = {isa = PBXBuildFile; fileRef = 3AF6DD14219F489B00BB0F50 /* UserOperationStorageService.swift */; };
		3AF6DD17219F494800BB0F50 /* UserFileStorage.swift in Sources */ = {isa = PBXBuildFile; fileRef = 3AF6DD16219F494800BB0F50 /* UserFileStorage.swift */; };
		3AF6DD19219F49E700BB0F50 /* CoreDataService.swift in Sources */ = {isa = PBXBuildFile; fileRef = 3AF6DD18219F49E700BB0F50 /* CoreDataService.swift */; };
		3AF6DD1B219F4AC500BB0F50 /* UserCoreDataStorage.swift in Sources */ = {isa = PBXBuildFile; fileRef = 3AF6DD1A219F4AC500BB0F50 /* UserCoreDataStorage.swift */; };
		3AF6DD1D219F4B6000BB0F50 /* ThemeService.swift in Sources */ = {isa = PBXBuildFile; fileRef = 3AF6DD1C219F4B5F00BB0F50 /* ThemeService.swift */; };
		3AF6DD20219F4C9600BB0F50 /* UserDefaults+Extension.swift in Sources */ = {isa = PBXBuildFile; fileRef = 3AF6DD1F219F4C9600BB0F50 /* UserDefaults+Extension.swift */; };
		3AF6DD22219F4CE700BB0F50 /* UIColor+Extension.swift in Sources */ = {isa = PBXBuildFile; fileRef = 3AF6DD21219F4CE700BB0F50 /* UIColor+Extension.swift */; };
		3AF6DD26219F4EA600BB0F50 /* Profile.swift in Sources */ = {isa = PBXBuildFile; fileRef = 3AF6DD25219F4EA600BB0F50 /* Profile.swift */; };
		3AF6DD29219F4F4D00BB0F50 /* ThemeFacade.swift in Sources */ = {isa = PBXBuildFile; fileRef = 3AF6DD28219F4F4D00BB0F50 /* ThemeFacade.swift */; };
		3AF6DD2B219F4F5500BB0F50 /* UserStorageFacade.swift in Sources */ = {isa = PBXBuildFile; fileRef = 3AF6DD2A219F4F5500BB0F50 /* UserStorageFacade.swift */; };
		3AF6DD2D219F4F5B00BB0F50 /* CommunicationFacade.swift in Sources */ = {isa = PBXBuildFile; fileRef = 3AF6DD2C219F4F5B00BB0F50 /* CommunicationFacade.swift */; };
		3AF6DD2F219F4F6000BB0F50 /* CoreDataFacade.swift in Sources */ = {isa = PBXBuildFile; fileRef = 3AF6DD2E219F4F6000BB0F50 /* CoreDataFacade.swift */; };
		3AF6DD32219F527400BB0F50 /* PresentationAssembly.swift in Sources */ = {isa = PBXBuildFile; fileRef = 3AF6DD31219F527400BB0F50 /* PresentationAssembly.swift */; };
		3AF6DD39219F684500BB0F50 /* ConversationsListViewController.swift in Sources */ = {isa = PBXBuildFile; fileRef = 3AF6DD34219F684400BB0F50 /* ConversationsListViewController.swift */; };
		3AF6DD3A219F684500BB0F50 /* ConversationCellConfiguration.swift in Sources */ = {isa = PBXBuildFile; fileRef = 3AF6DD35219F684400BB0F50 /* ConversationCellConfiguration.swift */; };
		3AF6DD3B219F684500BB0F50 /* ConversationWrapper.swift in Sources */ = {isa = PBXBuildFile; fileRef = 3AF6DD36219F684400BB0F50 /* ConversationWrapper.swift */; };
		3AF6DD3C219F684500BB0F50 /* ConversationsTableViewCell.swift in Sources */ = {isa = PBXBuildFile; fileRef = 3AF6DD37219F684400BB0F50 /* ConversationsTableViewCell.swift */; };
		3AF6DD3D219F684500BB0F50 /* ConversationsDataProvider.swift in Sources */ = {isa = PBXBuildFile; fileRef = 3AF6DD38219F684400BB0F50 /* ConversationsDataProvider.swift */; };
		3AF6DD44219FF6A300BB0F50 /* MessageCellConfiguration.swift in Sources */ = {isa = PBXBuildFile; fileRef = 3AF6DD3F219FF6A300BB0F50 /* MessageCellConfiguration.swift */; };
		3AF6DD45219FF6A300BB0F50 /* MessageWrapper.swift in Sources */ = {isa = PBXBuildFile; fileRef = 3AF6DD40219FF6A300BB0F50 /* MessageWrapper.swift */; };
		3AF6DD46219FF6A300BB0F50 /* ConversationDataProvider.swift in Sources */ = {isa = PBXBuildFile; fileRef = 3AF6DD41219FF6A300BB0F50 /* ConversationDataProvider.swift */; };
		3AF6DD47219FF6A300BB0F50 /* ConversationViewController.swift in Sources */ = {isa = PBXBuildFile; fileRef = 3AF6DD42219FF6A300BB0F50 /* ConversationViewController.swift */; };
		3AF6DD48219FF6A300BB0F50 /* MessageTableViewCell.swift in Sources */ = {isa = PBXBuildFile; fileRef = 3AF6DD43219FF6A300BB0F50 /* MessageTableViewCell.swift */; };
		3AF6DD4B21A001C700BB0F50 /* Themes.xib in Resources */ = {isa = PBXBuildFile; fileRef = 3AF6DD4A21A001C700BB0F50 /* Themes.xib */; };
		3AF6DD4D21A0031000BB0F50 /* ThemeVC.swift in Sources */ = {isa = PBXBuildFile; fileRef = 3AF6DD4C21A0031000BB0F50 /* ThemeVC.swift */; };
		3AF6DD4F21A004A000BB0F50 /* ThemeViewControllerDelegate.swift in Sources */ = {isa = PBXBuildFile; fileRef = 3AF6DD4E21A004A000BB0F50 /* ThemeViewControllerDelegate.swift */; };
		3AF6DD5121A00F8200BB0F50 /* ProfileViewController.xib in Resources */ = {isa = PBXBuildFile; fileRef = 3AF6DD5021A00F8200BB0F50 /* ProfileViewController.xib */; };
		3AF7150E2168F00400473345 /* ChatLabel.swift in Sources */ = {isa = PBXBuildFile; fileRef = 3AF7150D2168F00400473345 /* ChatLabel.swift */; };
		3AF8AFF62171D55800E5B145 /* UIColor + Theme.swift in Sources */ = {isa = PBXBuildFile; fileRef = 3AF8AFF52171D55800E5B145 /* UIColor + Theme.swift */; };
		51C19DAF77EADA7311FB8759 /* Pods_tinkoffChat.framework in Frameworks */ = {isa = PBXBuildFile; fileRef = B2FC6780ED959FC79EF1B5F4 /* Pods_tinkoffChat.framework */; };
		6C0211A5219D698A00F36F1B /* CoreDataDiskStorage.swift in Sources */ = {isa = PBXBuildFile; fileRef = 6C0211A4219D698A00F36F1B /* CoreDataDiskStorage.swift */; };
		6C0211A8219D6A7800F36F1B /* IProfileStorage.swift in Sources */ = {isa = PBXBuildFile; fileRef = 6C0211A7219D6A7800F36F1B /* IProfileStorage.swift */; };
		6C0211AB219D6E6500F36F1B /* CoreAssembly.swift in Sources */ = {isa = PBXBuildFile; fileRef = 6C0211AA219D6E6500F36F1B /* CoreAssembly.swift */; };
		6C0211AF219D773D00F36F1B /* IDiskStorage.swift in Sources */ = {isa = PBXBuildFile; fileRef = 6C0211AE219D773D00F36F1B /* IDiskStorage.swift */; };
		6C03419C21B01EDD00CC0C11 /* CommonViewController.swift in Sources */ = {isa = PBXBuildFile; fileRef = 6C03419B21B01EDD00CC0C11 /* CommonViewController.swift */; };
		6C03419E21B01F7200CC0C11 /* EmitterLayer.swift in Sources */ = {isa = PBXBuildFile; fileRef = 6C03419D21B01F7200CC0C11 /* EmitterLayer.swift */; };
		6C0341A021B0278700CC0C11 /* UIImage + resize.swift in Sources */ = {isa = PBXBuildFile; fileRef = 6C03419F21B0278700CC0C11 /* UIImage + resize.swift */; };
		6C03EFF321958AEA00C837F5 /* CoreDataEntities.swift in Sources */ = {isa = PBXBuildFile; fileRef = 6C03EFF221958AEA00C837F5 /* CoreDataEntities.swift */; };
		6C044B1021A802BA008ACE87 /* IPhotosViewControllerDelegate.swift in Sources */ = {isa = PBXBuildFile; fileRef = 6C044B0F21A802BA008ACE87 /* IPhotosViewControllerDelegate.swift */; };
		6C044B1221A802E2008ACE87 /* PhotoCollectionViewCell.swift in Sources */ = {isa = PBXBuildFile; fileRef = 6C044B1121A802E2008ACE87 /* PhotoCollectionViewCell.swift */; };
		6C044B1421A80374008ACE87 /* PhotoCollectionViewCell.xib in Resources */ = {isa = PBXBuildFile; fileRef = 6C044B1321A80374008ACE87 /* PhotoCollectionViewCell.xib */; };
		6C044B1621A803C0008ACE87 /* PhotosViewController.xib in Resources */ = {isa = PBXBuildFile; fileRef = 6C044B1521A803C0008ACE87 /* PhotosViewController.xib */; };
		6C044B1821A803DE008ACE87 /* PhotosViewController.swift in Sources */ = {isa = PBXBuildFile; fileRef = 6C044B1721A803DE008ACE87 /* PhotosViewController.swift */; };
		6C044B1A21A80468008ACE87 /* PhotosFacade.swift in Sources */ = {isa = PBXBuildFile; fileRef = 6C044B1921A80468008ACE87 /* PhotosFacade.swift */; };
		6C044B1C21A805E0008ACE87 /* PhotoService.swift in Sources */ = {isa = PBXBuildFile; fileRef = 6C044B1B21A805E0008ACE87 /* PhotoService.swift */; };
		6C044B2321A806E0008ACE87 /* RequestFactory.swift in Sources */ = {isa = PBXBuildFile; fileRef = 6C044B2221A806E0008ACE87 /* RequestFactory.swift */; };
		6C044B2521A80713008ACE87 /* IRequestSender.swift in Sources */ = {isa = PBXBuildFile; fileRef = 6C044B2421A80713008ACE87 /* IRequestSender.swift */; };
		6C044B2721A8073B008ACE87 /* RequestSender.swift in Sources */ = {isa = PBXBuildFile; fileRef = 6C044B2621A8073B008ACE87 /* RequestSender.swift */; };
		6C044B2921A807B0008ACE87 /* IRequest.swift in Sources */ = {isa = PBXBuildFile; fileRef = 6C044B2821A807B0008ACE87 /* IRequest.swift */; };
		6C044B2B21A807CE008ACE87 /* PhotoRequest.swift in Sources */ = {isa = PBXBuildFile; fileRef = 6C044B2A21A807CE008ACE87 /* PhotoRequest.swift */; };
		6C044B2D21A8081A008ACE87 /* ImageRequest.swift in Sources */ = {isa = PBXBuildFile; fileRef = 6C044B2C21A8081A008ACE87 /* ImageRequest.swift */; };
		6C044B2F21A8087F008ACE87 /* IParse.swift in Sources */ = {isa = PBXBuildFile; fileRef = 6C044B2E21A8087F008ACE87 /* IParse.swift */; };
		6C044B3121A808A8008ACE87 /* PhotoParser.swift in Sources */ = {isa = PBXBuildFile; fileRef = 6C044B3021A808A8008ACE87 /* PhotoParser.swift */; };
		6C044B3321A808E6008ACE87 /* ImageParser.swift in Sources */ = {isa = PBXBuildFile; fileRef = 6C044B3221A808E6008ACE87 /* ImageParser.swift */; };
		6C044B3621A8280A008ACE87 /* NSCashe.swift in Sources */ = {isa = PBXBuildFile; fileRef = 6C044B3521A8280A008ACE87 /* NSCashe.swift */; };
		6C04FA6B219EC8DE00628B30 /* RootAssembly.swift in Sources */ = {isa = PBXBuildFile; fileRef = 6C04FA6A219EC8DE00628B30 /* RootAssembly.swift */; };
		6C04FA6F219EC9FB00628B30 /* CommunicatorStorageService.swift in Sources */ = {isa = PBXBuildFile; fileRef = 6C04FA6E219EC9FB00628B30 /* CommunicatorStorageService.swift */; };
		6C04FA71219ECB0700628B30 /* NewMultipeerCommunicator.swift in Sources */ = {isa = PBXBuildFile; fileRef = 6C04FA70219ECB0700628B30 /* NewMultipeerCommunicator.swift */; };
		6C04FA76219ECD8900628B30 /* CommunicatorManager.swift in Sources */ = {isa = PBXBuildFile; fileRef = 6C04FA75219ECD8900628B30 /* CommunicatorManager.swift */; };
		AFDCF7221C0B1B7768468482 /* Pods_tinkoffChatTests.framework in Frameworks */ = {isa = PBXBuildFile; fileRef = BAB3EADEF051D1D6980A2D15 /* Pods_tinkoffChatTests.framework */; };
/* End PBXBuildFile section */

/* Begin PBXContainerItemProxy section */
		3A4070D42153ADB000AA9583 /* PBXContainerItemProxy */ = {
			isa = PBXContainerItemProxy;
			containerPortal = 3A4070B72153ADAE00AA9583 /* Project object */;
			proxyType = 1;
			remoteGlobalIDString = 3A4070BE2153ADAE00AA9583;
			remoteInfo = tinkoffChat;
		};
/* End PBXContainerItemProxy section */

/* Begin PBXFileReference section */
		132B6CE1DD64455A7D17D587 /* Pods-tinkoffChat.debug.xcconfig */ = {isa = PBXFileReference; includeInIndex = 1; lastKnownFileType = text.xcconfig; name = "Pods-tinkoffChat.debug.xcconfig"; path = "Target Support Files/Pods-tinkoffChat/Pods-tinkoffChat.debug.xcconfig"; sourceTree = "<group>"; };
		17A49727F784789F77053AB7 /* Pods-tinkoffChatTests.debug.xcconfig */ = {isa = PBXFileReference; includeInIndex = 1; lastKnownFileType = text.xcconfig; name = "Pods-tinkoffChatTests.debug.xcconfig"; path = "Target Support Files/Pods-tinkoffChatTests/Pods-tinkoffChatTests.debug.xcconfig"; sourceTree = "<group>"; };
		363EA08592110E9927E533B2 /* Pods-tinkoffChat.release.xcconfig */ = {isa = PBXFileReference; includeInIndex = 1; lastKnownFileType = text.xcconfig; name = "Pods-tinkoffChat.release.xcconfig"; path = "Pods/Target Support Files/Pods-tinkoffChat/Pods-tinkoffChat.release.xcconfig"; sourceTree = "<group>"; };
		37BD5A02516F561CC723A065 /* Pods-tinkoffChat.release.xcconfig */ = {isa = PBXFileReference; includeInIndex = 1; lastKnownFileType = text.xcconfig; name = "Pods-tinkoffChat.release.xcconfig"; path = "Target Support Files/Pods-tinkoffChat/Pods-tinkoffChat.release.xcconfig"; sourceTree = "<group>"; };
		3A2686BE215EC1250058D4DC /* UIViewController + Alerts.swift */ = {isa = PBXFileReference; lastKnownFileType = sourcecode.swift; path = "UIViewController + Alerts.swift"; sourceTree = "<group>"; };
		3A34044F2165ECDC00D3FFB9 /* Conversations.storyboard */ = {isa = PBXFileReference; lastKnownFileType = file.storyboard; path = Conversations.storyboard; sourceTree = "<group>"; };
		3A3404632165FA9C00D3FFB9 /* Date + String.swift */ = {isa = PBXFileReference; lastKnownFileType = sourcecode.swift; path = "Date + String.swift"; sourceTree = "<group>"; };
		3A4070BF2153ADAE00AA9583 /* tinkoffChat.app */ = {isa = PBXFileReference; explicitFileType = wrapper.application; includeInIndex = 0; path = tinkoffChat.app; sourceTree = BUILT_PRODUCTS_DIR; };
		3A4070C22153ADAE00AA9583 /* AppDelegate.swift */ = {isa = PBXFileReference; lastKnownFileType = sourcecode.swift; path = AppDelegate.swift; sourceTree = "<group>"; };
		3A4070C42153ADAE00AA9583 /* ProfileViewController.swift */ = {isa = PBXFileReference; lastKnownFileType = sourcecode.swift; path = ProfileViewController.swift; sourceTree = "<group>"; };
		3A4070C92153ADB000AA9583 /* Assets.xcassets */ = {isa = PBXFileReference; lastKnownFileType = folder.assetcatalog; path = Assets.xcassets; sourceTree = "<group>"; };
		3A4070CC2153ADB000AA9583 /* Base */ = {isa = PBXFileReference; lastKnownFileType = file.storyboard; name = Base; path = Base.lproj/LaunchScreen.storyboard; sourceTree = "<group>"; };
		3A4070CE2153ADB000AA9583 /* Info.plist */ = {isa = PBXFileReference; lastKnownFileType = text.plist.xml; path = Info.plist; sourceTree = "<group>"; };
		3A4070D32153ADB000AA9583 /* tinkoffChatTests.xctest */ = {isa = PBXFileReference; explicitFileType = wrapper.cfbundle; includeInIndex = 0; path = tinkoffChatTests.xctest; sourceTree = BUILT_PRODUCTS_DIR; };
		3A4070D72153ADB000AA9583 /* tinkoffChatTests.swift */ = {isa = PBXFileReference; lastKnownFileType = sourcecode.swift; path = tinkoffChatTests.swift; sourceTree = "<group>"; };
		3A4070D92153ADB000AA9583 /* Info.plist */ = {isa = PBXFileReference; lastKnownFileType = text.plist.xml; path = Info.plist; sourceTree = "<group>"; };
		3ADEC7F321BAED2400A4E5B5 /* ThemeTest.swift */ = {isa = PBXFileReference; lastKnownFileType = sourcecode.swift; path = ThemeTest.swift; sourceTree = "<group>"; };
		3AF4152F2198278B0028CA39 /* TableVIew + Scroll.swift */ = {isa = PBXFileReference; fileEncoding = 4; lastKnownFileType = sourcecode.swift; path = "TableVIew + Scroll.swift"; sourceTree = "<group>"; };
		3AF4A760218A1E4E00CBE95C /* CoreDataStack.swift */ = {isa = PBXFileReference; lastKnownFileType = sourcecode.swift; path = CoreDataStack.swift; sourceTree = "<group>"; };
		3AF565DF216754D40074BE3D /* NSMutableAttributedString + Bold.swift */ = {isa = PBXFileReference; lastKnownFileType = sourcecode.swift; path = "NSMutableAttributedString + Bold.swift"; sourceTree = "<group>"; };
		3AF6DD03219F375100BB0F50 /* Message+CoreData.swift */ = {isa = PBXFileReference; lastKnownFileType = sourcecode.swift; path = "Message+CoreData.swift"; sourceTree = "<group>"; };
		3AF6DD05219F381400BB0F50 /* AppUser+CoreData.swift */ = {isa = PBXFileReference; fileEncoding = 4; lastKnownFileType = sourcecode.swift; path = "AppUser+CoreData.swift"; sourceTree = "<group>"; };
		3AF6DD07219F385000BB0F50 /* User+CoreData.swift */ = {isa = PBXFileReference; fileEncoding = 4; lastKnownFileType = sourcecode.swift; path = "User+CoreData.swift"; sourceTree = "<group>"; };
		3AF6DD09219F387200BB0F50 /* Conversation+CoreData.swift */ = {isa = PBXFileReference; fileEncoding = 4; lastKnownFileType = sourcecode.swift; path = "Conversation+CoreData.swift"; sourceTree = "<group>"; };
		3AF6DD0C219F38D500BB0F50 /* Profile.xcdatamodel */ = {isa = PBXFileReference; lastKnownFileType = wrapper.xcdatamodel; path = Profile.xcdatamodel; sourceTree = "<group>"; };
		3AF6DD0F219F475900BB0F50 /* ServicesAssembly.swift */ = {isa = PBXFileReference; fileEncoding = 4; lastKnownFileType = sourcecode.swift; path = ServicesAssembly.swift; sourceTree = "<group>"; };
		3AF6DD12219F483000BB0F50 /* UserGCDStorageService.swift */ = {isa = PBXFileReference; fileEncoding = 4; lastKnownFileType = sourcecode.swift; path = UserGCDStorageService.swift; sourceTree = "<group>"; };
		3AF6DD14219F489B00BB0F50 /* UserOperationStorageService.swift */ = {isa = PBXFileReference; fileEncoding = 4; lastKnownFileType = sourcecode.swift; path = UserOperationStorageService.swift; sourceTree = "<group>"; };
		3AF6DD16219F494800BB0F50 /* UserFileStorage.swift */ = {isa = PBXFileReference; fileEncoding = 4; lastKnownFileType = sourcecode.swift; path = UserFileStorage.swift; sourceTree = "<group>"; };
		3AF6DD18219F49E700BB0F50 /* CoreDataService.swift */ = {isa = PBXFileReference; fileEncoding = 4; lastKnownFileType = sourcecode.swift; path = CoreDataService.swift; sourceTree = "<group>"; };
		3AF6DD1A219F4AC500BB0F50 /* UserCoreDataStorage.swift */ = {isa = PBXFileReference; fileEncoding = 4; lastKnownFileType = sourcecode.swift; path = UserCoreDataStorage.swift; sourceTree = "<group>"; };
		3AF6DD1C219F4B5F00BB0F50 /* ThemeService.swift */ = {isa = PBXFileReference; fileEncoding = 4; lastKnownFileType = sourcecode.swift; path = ThemeService.swift; sourceTree = "<group>"; };
		3AF6DD1F219F4C9600BB0F50 /* UserDefaults+Extension.swift */ = {isa = PBXFileReference; fileEncoding = 4; lastKnownFileType = sourcecode.swift; path = "UserDefaults+Extension.swift"; sourceTree = "<group>"; };
		3AF6DD21219F4CE700BB0F50 /* UIColor+Extension.swift */ = {isa = PBXFileReference; fileEncoding = 4; lastKnownFileType = sourcecode.swift; path = "UIColor+Extension.swift"; sourceTree = "<group>"; };
		3AF6DD25219F4EA600BB0F50 /* Profile.swift */ = {isa = PBXFileReference; lastKnownFileType = sourcecode.swift; path = Profile.swift; sourceTree = "<group>"; };
		3AF6DD28219F4F4D00BB0F50 /* ThemeFacade.swift */ = {isa = PBXFileReference; fileEncoding = 4; lastKnownFileType = sourcecode.swift; path = ThemeFacade.swift; sourceTree = "<group>"; };
		3AF6DD2A219F4F5500BB0F50 /* UserStorageFacade.swift */ = {isa = PBXFileReference; fileEncoding = 4; lastKnownFileType = sourcecode.swift; path = UserStorageFacade.swift; sourceTree = "<group>"; };
		3AF6DD2C219F4F5B00BB0F50 /* CommunicationFacade.swift */ = {isa = PBXFileReference; fileEncoding = 4; lastKnownFileType = sourcecode.swift; path = CommunicationFacade.swift; sourceTree = "<group>"; };
		3AF6DD2E219F4F6000BB0F50 /* CoreDataFacade.swift */ = {isa = PBXFileReference; fileEncoding = 4; lastKnownFileType = sourcecode.swift; path = CoreDataFacade.swift; sourceTree = "<group>"; };
		3AF6DD31219F527400BB0F50 /* PresentationAssembly.swift */ = {isa = PBXFileReference; fileEncoding = 4; lastKnownFileType = sourcecode.swift; path = PresentationAssembly.swift; sourceTree = "<group>"; };
		3AF6DD34219F684400BB0F50 /* ConversationsListViewController.swift */ = {isa = PBXFileReference; fileEncoding = 4; lastKnownFileType = sourcecode.swift; path = ConversationsListViewController.swift; sourceTree = "<group>"; };
		3AF6DD35219F684400BB0F50 /* ConversationCellConfiguration.swift */ = {isa = PBXFileReference; fileEncoding = 4; lastKnownFileType = sourcecode.swift; path = ConversationCellConfiguration.swift; sourceTree = "<group>"; };
		3AF6DD36219F684400BB0F50 /* ConversationWrapper.swift */ = {isa = PBXFileReference; fileEncoding = 4; lastKnownFileType = sourcecode.swift; path = ConversationWrapper.swift; sourceTree = "<group>"; };
		3AF6DD37219F684400BB0F50 /* ConversationsTableViewCell.swift */ = {isa = PBXFileReference; fileEncoding = 4; lastKnownFileType = sourcecode.swift; path = ConversationsTableViewCell.swift; sourceTree = "<group>"; };
		3AF6DD38219F684400BB0F50 /* ConversationsDataProvider.swift */ = {isa = PBXFileReference; fileEncoding = 4; lastKnownFileType = sourcecode.swift; path = ConversationsDataProvider.swift; sourceTree = "<group>"; };
		3AF6DD3F219FF6A300BB0F50 /* MessageCellConfiguration.swift */ = {isa = PBXFileReference; fileEncoding = 4; lastKnownFileType = sourcecode.swift; path = MessageCellConfiguration.swift; sourceTree = "<group>"; };
		3AF6DD40219FF6A300BB0F50 /* MessageWrapper.swift */ = {isa = PBXFileReference; fileEncoding = 4; lastKnownFileType = sourcecode.swift; path = MessageWrapper.swift; sourceTree = "<group>"; };
		3AF6DD41219FF6A300BB0F50 /* ConversationDataProvider.swift */ = {isa = PBXFileReference; fileEncoding = 4; lastKnownFileType = sourcecode.swift; path = ConversationDataProvider.swift; sourceTree = "<group>"; };
		3AF6DD42219FF6A300BB0F50 /* ConversationViewController.swift */ = {isa = PBXFileReference; fileEncoding = 4; lastKnownFileType = sourcecode.swift; path = ConversationViewController.swift; sourceTree = "<group>"; };
		3AF6DD43219FF6A300BB0F50 /* MessageTableViewCell.swift */ = {isa = PBXFileReference; fileEncoding = 4; lastKnownFileType = sourcecode.swift; path = MessageTableViewCell.swift; sourceTree = "<group>"; };
		3AF6DD4A21A001C700BB0F50 /* Themes.xib */ = {isa = PBXFileReference; lastKnownFileType = file.xib; path = Themes.xib; sourceTree = "<group>"; };
		3AF6DD4C21A0031000BB0F50 /* ThemeVC.swift */ = {isa = PBXFileReference; lastKnownFileType = sourcecode.swift; path = ThemeVC.swift; sourceTree = "<group>"; };
		3AF6DD4E21A004A000BB0F50 /* ThemeViewControllerDelegate.swift */ = {isa = PBXFileReference; lastKnownFileType = sourcecode.swift; path = ThemeViewControllerDelegate.swift; sourceTree = "<group>"; };
		3AF6DD5021A00F8200BB0F50 /* ProfileViewController.xib */ = {isa = PBXFileReference; lastKnownFileType = file.xib; path = ProfileViewController.xib; sourceTree = "<group>"; };
		3AF7150D2168F00400473345 /* ChatLabel.swift */ = {isa = PBXFileReference; lastKnownFileType = sourcecode.swift; path = ChatLabel.swift; sourceTree = "<group>"; };
		3AF8AFF52171D55800E5B145 /* UIColor + Theme.swift */ = {isa = PBXFileReference; lastKnownFileType = sourcecode.swift; path = "UIColor + Theme.swift"; sourceTree = "<group>"; };
		69A614D8C24D2D322440A663 /* Pods-tinkoffChatTests.release.xcconfig */ = {isa = PBXFileReference; includeInIndex = 1; lastKnownFileType = text.xcconfig; name = "Pods-tinkoffChatTests.release.xcconfig"; path = "Pods/Target Support Files/Pods-tinkoffChatTests/Pods-tinkoffChatTests.release.xcconfig"; sourceTree = "<group>"; };
		6C0211A4219D698A00F36F1B /* CoreDataDiskStorage.swift */ = {isa = PBXFileReference; lastKnownFileType = sourcecode.swift; path = CoreDataDiskStorage.swift; sourceTree = "<group>"; };
		6C0211A7219D6A7800F36F1B /* IProfileStorage.swift */ = {isa = PBXFileReference; lastKnownFileType = sourcecode.swift; path = IProfileStorage.swift; sourceTree = "<group>"; };
		6C0211AA219D6E6500F36F1B /* CoreAssembly.swift */ = {isa = PBXFileReference; lastKnownFileType = sourcecode.swift; path = CoreAssembly.swift; sourceTree = "<group>"; };
		6C0211AE219D773D00F36F1B /* IDiskStorage.swift */ = {isa = PBXFileReference; lastKnownFileType = sourcecode.swift; path = IDiskStorage.swift; sourceTree = "<group>"; };
		6C03419B21B01EDD00CC0C11 /* CommonViewController.swift */ = {isa = PBXFileReference; lastKnownFileType = sourcecode.swift; path = CommonViewController.swift; sourceTree = "<group>"; };
		6C03419D21B01F7200CC0C11 /* EmitterLayer.swift */ = {isa = PBXFileReference; lastKnownFileType = sourcecode.swift; path = EmitterLayer.swift; sourceTree = "<group>"; };
		6C03419F21B0278700CC0C11 /* UIImage + resize.swift */ = {isa = PBXFileReference; lastKnownFileType = sourcecode.swift; path = "UIImage + resize.swift"; sourceTree = "<group>"; };
		6C03EFF221958AEA00C837F5 /* CoreDataEntities.swift */ = {isa = PBXFileReference; lastKnownFileType = sourcecode.swift; path = CoreDataEntities.swift; sourceTree = "<group>"; };
		6C044B0F21A802BA008ACE87 /* IPhotosViewControllerDelegate.swift */ = {isa = PBXFileReference; lastKnownFileType = sourcecode.swift; path = IPhotosViewControllerDelegate.swift; sourceTree = "<group>"; };
		6C044B1121A802E2008ACE87 /* PhotoCollectionViewCell.swift */ = {isa = PBXFileReference; lastKnownFileType = sourcecode.swift; path = PhotoCollectionViewCell.swift; sourceTree = "<group>"; };
		6C044B1321A80374008ACE87 /* PhotoCollectionViewCell.xib */ = {isa = PBXFileReference; fileEncoding = 4; lastKnownFileType = file.xib; path = PhotoCollectionViewCell.xib; sourceTree = "<group>"; };
		6C044B1521A803C0008ACE87 /* PhotosViewController.xib */ = {isa = PBXFileReference; fileEncoding = 4; lastKnownFileType = file.xib; path = PhotosViewController.xib; sourceTree = "<group>"; };
		6C044B1721A803DE008ACE87 /* PhotosViewController.swift */ = {isa = PBXFileReference; fileEncoding = 4; lastKnownFileType = sourcecode.swift; path = PhotosViewController.swift; sourceTree = "<group>"; };
		6C044B1921A80468008ACE87 /* PhotosFacade.swift */ = {isa = PBXFileReference; lastKnownFileType = sourcecode.swift; path = PhotosFacade.swift; sourceTree = "<group>"; };
		6C044B1B21A805E0008ACE87 /* PhotoService.swift */ = {isa = PBXFileReference; lastKnownFileType = sourcecode.swift; path = PhotoService.swift; sourceTree = "<group>"; };
		6C044B2221A806E0008ACE87 /* RequestFactory.swift */ = {isa = PBXFileReference; lastKnownFileType = sourcecode.swift; path = RequestFactory.swift; sourceTree = "<group>"; };
		6C044B2421A80713008ACE87 /* IRequestSender.swift */ = {isa = PBXFileReference; lastKnownFileType = sourcecode.swift; path = IRequestSender.swift; sourceTree = "<group>"; };
		6C044B2621A8073B008ACE87 /* RequestSender.swift */ = {isa = PBXFileReference; lastKnownFileType = sourcecode.swift; path = RequestSender.swift; sourceTree = "<group>"; };
		6C044B2821A807B0008ACE87 /* IRequest.swift */ = {isa = PBXFileReference; lastKnownFileType = sourcecode.swift; path = IRequest.swift; sourceTree = "<group>"; };
		6C044B2A21A807CE008ACE87 /* PhotoRequest.swift */ = {isa = PBXFileReference; lastKnownFileType = sourcecode.swift; path = PhotoRequest.swift; sourceTree = "<group>"; };
		6C044B2C21A8081A008ACE87 /* ImageRequest.swift */ = {isa = PBXFileReference; lastKnownFileType = sourcecode.swift; path = ImageRequest.swift; sourceTree = "<group>"; };
		6C044B2E21A8087F008ACE87 /* IParse.swift */ = {isa = PBXFileReference; lastKnownFileType = sourcecode.swift; path = IParse.swift; sourceTree = "<group>"; };
		6C044B3021A808A8008ACE87 /* PhotoParser.swift */ = {isa = PBXFileReference; lastKnownFileType = sourcecode.swift; path = PhotoParser.swift; sourceTree = "<group>"; };
		6C044B3221A808E6008ACE87 /* ImageParser.swift */ = {isa = PBXFileReference; lastKnownFileType = sourcecode.swift; path = ImageParser.swift; sourceTree = "<group>"; };
		6C044B3521A8280A008ACE87 /* NSCashe.swift */ = {isa = PBXFileReference; lastKnownFileType = sourcecode.swift; path = NSCashe.swift; sourceTree = "<group>"; };
		6C04FA6A219EC8DE00628B30 /* RootAssembly.swift */ = {isa = PBXFileReference; lastKnownFileType = sourcecode.swift; path = RootAssembly.swift; sourceTree = "<group>"; };
		6C04FA6E219EC9FB00628B30 /* CommunicatorStorageService.swift */ = {isa = PBXFileReference; lastKnownFileType = sourcecode.swift; path = CommunicatorStorageService.swift; sourceTree = "<group>"; };
		6C04FA70219ECB0700628B30 /* NewMultipeerCommunicator.swift */ = {isa = PBXFileReference; lastKnownFileType = sourcecode.swift; path = NewMultipeerCommunicator.swift; sourceTree = "<group>"; };
		6C04FA75219ECD8900628B30 /* CommunicatorManager.swift */ = {isa = PBXFileReference; lastKnownFileType = sourcecode.swift; path = CommunicatorManager.swift; sourceTree = "<group>"; };
		77F98C4025AEB2EB07C0AB5D /* Pods-tinkoffChatTests.debug.xcconfig */ = {isa = PBXFileReference; includeInIndex = 1; lastKnownFileType = text.xcconfig; name = "Pods-tinkoffChatTests.debug.xcconfig"; path = "Pods/Target Support Files/Pods-tinkoffChatTests/Pods-tinkoffChatTests.debug.xcconfig"; sourceTree = "<group>"; };
		9B6A7B58224ED7442805E22A /* Pods-tinkoffChat.debug.xcconfig */ = {isa = PBXFileReference; includeInIndex = 1; lastKnownFileType = text.xcconfig; name = "Pods-tinkoffChat.debug.xcconfig"; path = "Pods/Target Support Files/Pods-tinkoffChat/Pods-tinkoffChat.debug.xcconfig"; sourceTree = "<group>"; };
		B2FC6780ED959FC79EF1B5F4 /* Pods_tinkoffChat.framework */ = {isa = PBXFileReference; explicitFileType = wrapper.framework; includeInIndex = 0; path = Pods_tinkoffChat.framework; sourceTree = BUILT_PRODUCTS_DIR; };
		BAB3EADEF051D1D6980A2D15 /* Pods_tinkoffChatTests.framework */ = {isa = PBXFileReference; explicitFileType = wrapper.framework; includeInIndex = 0; path = Pods_tinkoffChatTests.framework; sourceTree = BUILT_PRODUCTS_DIR; };
		CCBF14B78ABB4B2F4753330F /* Pods-tinkoffChatTests.release.xcconfig */ = {isa = PBXFileReference; includeInIndex = 1; lastKnownFileType = text.xcconfig; name = "Pods-tinkoffChatTests.release.xcconfig"; path = "Target Support Files/Pods-tinkoffChatTests/Pods-tinkoffChatTests.release.xcconfig"; sourceTree = "<group>"; };
/* End PBXFileReference section */

/* Begin PBXFrameworksBuildPhase section */
		3A4070BC2153ADAE00AA9583 /* Frameworks */ = {
			isa = PBXFrameworksBuildPhase;
			buildActionMask = 2147483647;
			files = (
				51C19DAF77EADA7311FB8759 /* Pods_tinkoffChat.framework in Frameworks */,
			);
			runOnlyForDeploymentPostprocessing = 0;
		};
		3A4070D02153ADB000AA9583 /* Frameworks */ = {
			isa = PBXFrameworksBuildPhase;
			buildActionMask = 2147483647;
			files = (
				AFDCF7221C0B1B7768468482 /* Pods_tinkoffChatTests.framework in Frameworks */,
			);
			runOnlyForDeploymentPostprocessing = 0;
		};
/* End PBXFrameworksBuildPhase section */

/* Begin PBXGroup section */
		3A0BAF472155635400A2D876 /* Extension */ = {
			isa = PBXGroup;
			children = (
				3AF6DD21219F4CE700BB0F50 /* UIColor+Extension.swift */,
				3AF6DD1F219F4C9600BB0F50 /* UserDefaults+Extension.swift */,
				3A2686BE215EC1250058D4DC /* UIViewController + Alerts.swift */,
				3A3404632165FA9C00D3FFB9 /* Date + String.swift */,
				3AF565DF216754D40074BE3D /* NSMutableAttributedString + Bold.swift */,
				3AF8AFF52171D55800E5B145 /* UIColor + Theme.swift */,
				6C03EFF221958AEA00C837F5 /* CoreDataEntities.swift */,
				3AF4152F2198278B0028CA39 /* TableVIew + Scroll.swift */,
				6C04FA6A219EC8DE00628B30 /* RootAssembly.swift */,
				6C044B3521A8280A008ACE87 /* NSCashe.swift */,
				6C03419F21B0278700CC0C11 /* UIImage + resize.swift */,
			);
			path = Extension;
			sourceTree = "<group>";
		};
		3A3404512165F33000D3FFB9 /* DefaultUIElement */ = {
			isa = PBXGroup;
			children = (
				3A3404522165F35900D3FFB9 /* Main */,
			);
			path = DefaultUIElement;
			sourceTree = "<group>";
		};
		3A3404522165F35900D3FFB9 /* Main */ = {
			isa = PBXGroup;
			children = (
				3AF7150D2168F00400473345 /* ChatLabel.swift */,
			);
			path = Main;
			sourceTree = "<group>";
		};
		3A4070B62153ADAE00AA9583 = {
			isa = PBXGroup;
			children = (
				3A4070C12153ADAE00AA9583 /* TinkoffChat */,
				6C0211A3219D685F00F36F1B /* Supporting Files */,
				3A4070D62153ADB000AA9583 /* tinkoffChatTests */,
				3A4070C02153ADAE00AA9583 /* Products */,
				3AF6DD0B219F38D500BB0F50 /* Profile.xcdatamodeld */,
				654E0B6D04932F4AF334B321 /* Pods */,
				FC8323ED41DBA9A4765C6B36 /* Frameworks */,
			);
			sourceTree = "<group>";
		};
		3A4070C02153ADAE00AA9583 /* Products */ = {
			isa = PBXGroup;
			children = (
				3A4070BF2153ADAE00AA9583 /* tinkoffChat.app */,
				3A4070D32153ADB000AA9583 /* tinkoffChatTests.xctest */,
			);
			name = Products;
			sourceTree = "<group>";
		};
		3A4070C12153ADAE00AA9583 /* TinkoffChat */ = {
			isa = PBXGroup;
			children = (
				3AF6DD1E219F4C6B00BB0F50 /* PresentationLayer */,
				6C04FA72219ECD3200628B30 /* ServiceLayer */,
				6C0211A2219D66D500F36F1B /* CoreLayer */,
				3A3404512165F33000D3FFB9 /* DefaultUIElement */,
				3A0BAF472155635400A2D876 /* Extension */,
				3A4070C22153ADAE00AA9583 /* AppDelegate.swift */,
			);
			path = TinkoffChat;
			sourceTree = "<group>";
		};
		3A4070D62153ADB000AA9583 /* tinkoffChatTests */ = {
			isa = PBXGroup;
			children = (
				3A4070D72153ADB000AA9583 /* tinkoffChatTests.swift */,
				3A4070D92153ADB000AA9583 /* Info.plist */,
				3ADEC7F321BAED2400A4E5B5 /* ThemeTest.swift */,
			);
			path = tinkoffChatTests;
			sourceTree = "<group>";
		};
		3AF6DD01219F364900BB0F50 /* CoreData */ = {
			isa = PBXGroup;
			children = (
				3AF6DD02219F371B00BB0F50 /* CoreDataExtension */,
				3AF4A760218A1E4E00CBE95C /* CoreDataStack.swift */,
			);
			path = CoreData;
			sourceTree = "<group>";
		};
		3AF6DD02219F371B00BB0F50 /* CoreDataExtension */ = {
			isa = PBXGroup;
			children = (
				3AF6DD05219F381400BB0F50 /* AppUser+CoreData.swift */,
				3AF6DD09219F387200BB0F50 /* Conversation+CoreData.swift */,
				3AF6DD03219F375100BB0F50 /* Message+CoreData.swift */,
				3AF6DD07219F385000BB0F50 /* User+CoreData.swift */,
			);
			path = CoreDataExtension;
			sourceTree = "<group>";
		};
		3AF6DD0E219F472200BB0F50 /* Assembly */ = {
			isa = PBXGroup;
			children = (
				3AF6DD0F219F475900BB0F50 /* ServicesAssembly.swift */,
			);
			path = Assembly;
			sourceTree = "<group>";
		};
		3AF6DD11219F481F00BB0F50 /* ProfileStorage */ = {
			isa = PBXGroup;
			children = (
				3AF6DD12219F483000BB0F50 /* UserGCDStorageService.swift */,
				3AF6DD16219F494800BB0F50 /* UserFileStorage.swift */,
				3AF6DD1A219F4AC500BB0F50 /* UserCoreDataStorage.swift */,
				3AF6DD14219F489B00BB0F50 /* UserOperationStorageService.swift */,
			);
			path = ProfileStorage;
			sourceTree = "<group>";
		};
		3AF6DD1E219F4C6B00BB0F50 /* PresentationLayer */ = {
			isa = PBXGroup;
			children = (
				6C03419A21B01EBC00CC0C11 /* Common */,
				3AF6DD30219F527400BB0F50 /* Assembly */,
				3AF6DD27219F4F3900BB0F50 /* Facades */,
				3AF6DD23219F4E8400BB0F50 /* Modules */,
			);
			path = PresentationLayer;
			sourceTree = "<group>";
		};
		3AF6DD23219F4E8400BB0F50 /* Modules */ = {
			isa = PBXGroup;
			children = (
				3A34044F2165ECDC00D3FFB9 /* Conversations.storyboard */,
				3AF6DD4921A000F700BB0F50 /* Themes */,
				3AF6DD3E219FF6A300BB0F50 /* Conversation */,
				3AF6DD33219F684400BB0F50 /* Conversations */,
				6C044B0E21A8028B008ACE87 /* PhotosVC */,
				3AF6DD24219F4E8D00BB0F50 /* Profile */,
			);
			path = Modules;
			sourceTree = "<group>";
		};
		3AF6DD24219F4E8D00BB0F50 /* Profile */ = {
			isa = PBXGroup;
			children = (
				3A4070C42153ADAE00AA9583 /* ProfileViewController.swift */,
				3AF6DD25219F4EA600BB0F50 /* Profile.swift */,
				3AF6DD5021A00F8200BB0F50 /* ProfileViewController.xib */,
			);
			path = Profile;
			sourceTree = "<group>";
		};
		3AF6DD27219F4F3900BB0F50 /* Facades */ = {
			isa = PBXGroup;
			children = (
				3AF6DD2A219F4F5500BB0F50 /* UserStorageFacade.swift */,
				3AF6DD28219F4F4D00BB0F50 /* ThemeFacade.swift */,
				3AF6DD2C219F4F5B00BB0F50 /* CommunicationFacade.swift */,
				3AF6DD2E219F4F6000BB0F50 /* CoreDataFacade.swift */,
				6C044B1921A80468008ACE87 /* PhotosFacade.swift */,
			);
			path = Facades;
			sourceTree = "<group>";
		};
		3AF6DD30219F527400BB0F50 /* Assembly */ = {
			isa = PBXGroup;
			children = (
				3AF6DD31219F527400BB0F50 /* PresentationAssembly.swift */,
			);
			path = Assembly;
			sourceTree = "<group>";
		};
		3AF6DD33219F684400BB0F50 /* Conversations */ = {
			isa = PBXGroup;
			children = (
				3AF6DD34219F684400BB0F50 /* ConversationsListViewController.swift */,
				3AF6DD35219F684400BB0F50 /* ConversationCellConfiguration.swift */,
				3AF6DD36219F684400BB0F50 /* ConversationWrapper.swift */,
				3AF6DD37219F684400BB0F50 /* ConversationsTableViewCell.swift */,
				3AF6DD38219F684400BB0F50 /* ConversationsDataProvider.swift */,
			);
			path = Conversations;
			sourceTree = "<group>";
		};
		3AF6DD3E219FF6A300BB0F50 /* Conversation */ = {
			isa = PBXGroup;
			children = (
				3AF6DD3F219FF6A300BB0F50 /* MessageCellConfiguration.swift */,
				3AF6DD40219FF6A300BB0F50 /* MessageWrapper.swift */,
				3AF6DD41219FF6A300BB0F50 /* ConversationDataProvider.swift */,
				3AF6DD42219FF6A300BB0F50 /* ConversationViewController.swift */,
				3AF6DD43219FF6A300BB0F50 /* MessageTableViewCell.swift */,
			);
			path = Conversation;
			sourceTree = "<group>";
		};
		3AF6DD4921A000F700BB0F50 /* Themes */ = {
			isa = PBXGroup;
			children = (
				3AF6DD4A21A001C700BB0F50 /* Themes.xib */,
				3AF6DD4C21A0031000BB0F50 /* ThemeVC.swift */,
				3AF6DD4E21A004A000BB0F50 /* ThemeViewControllerDelegate.swift */,
			);
			path = Themes;
			sourceTree = "<group>";
		};
		654E0B6D04932F4AF334B321 /* Pods */ = {
			isa = PBXGroup;
			children = (
				132B6CE1DD64455A7D17D587 /* Pods-tinkoffChat.debug.xcconfig */,
				37BD5A02516F561CC723A065 /* Pods-tinkoffChat.release.xcconfig */,
				17A49727F784789F77053AB7 /* Pods-tinkoffChatTests.debug.xcconfig */,
				CCBF14B78ABB4B2F4753330F /* Pods-tinkoffChatTests.release.xcconfig */,
				9B6A7B58224ED7442805E22A /* Pods-tinkoffChat.debug.xcconfig */,
				363EA08592110E9927E533B2 /* Pods-tinkoffChat.release.xcconfig */,
				77F98C4025AEB2EB07C0AB5D /* Pods-tinkoffChatTests.debug.xcconfig */,
				69A614D8C24D2D322440A663 /* Pods-tinkoffChatTests.release.xcconfig */,
			);
			path = Pods;
			sourceTree = "<group>";
		};
		6C0211A2219D66D500F36F1B /* CoreLayer */ = {
			isa = PBXGroup;
			children = (
				6C044B1D21A80698008ACE87 /* Network */,
				3AF6DD01219F364900BB0F50 /* CoreData */,
				6C04FA6C219EC9A000628B30 /* Multipeer */,
				6C0211A9219D6E5500F36F1B /* Assembly */,
				6C0211A6219D699D00F36F1B /* ProfileStorage */,
			);
			path = CoreLayer;
			sourceTree = "<group>";
		};
		6C0211A3219D685F00F36F1B /* Supporting Files */ = {
			isa = PBXGroup;
			children = (
				3A4070C92153ADB000AA9583 /* Assets.xcassets */,
				3A4070CB2153ADB000AA9583 /* LaunchScreen.storyboard */,
				3A4070CE2153ADB000AA9583 /* Info.plist */,
			);
			path = "Supporting Files";
			sourceTree = "<group>";
		};
		6C0211A6219D699D00F36F1B /* ProfileStorage */ = {
			isa = PBXGroup;
			children = (
				6C0211AE219D773D00F36F1B /* IDiskStorage.swift */,
				6C0211A7219D6A7800F36F1B /* IProfileStorage.swift */,
				6C0211A4219D698A00F36F1B /* CoreDataDiskStorage.swift */,
			);
			path = ProfileStorage;
			sourceTree = "<group>";
		};
		6C0211A9219D6E5500F36F1B /* Assembly */ = {
			isa = PBXGroup;
			children = (
				6C0211AA219D6E6500F36F1B /* CoreAssembly.swift */,
			);
			path = Assembly;
			sourceTree = "<group>";
		};
		6C03419A21B01EBC00CC0C11 /* Common */ = {
			isa = PBXGroup;
			children = (
				6C03419B21B01EDD00CC0C11 /* CommonViewController.swift */,
				6C03419D21B01F7200CC0C11 /* EmitterLayer.swift */,
			);
			path = Common;
			sourceTree = "<group>";
		};
		6C044B0E21A8028B008ACE87 /* PhotosVC */ = {
			isa = PBXGroup;
			children = (
				6C044B0F21A802BA008ACE87 /* IPhotosViewControllerDelegate.swift */,
				6C044B1121A802E2008ACE87 /* PhotoCollectionViewCell.swift */,
				6C044B1721A803DE008ACE87 /* PhotosViewController.swift */,
				6C044B1321A80374008ACE87 /* PhotoCollectionViewCell.xib */,
				6C044B1521A803C0008ACE87 /* PhotosViewController.xib */,
			);
			path = PhotosVC;
			sourceTree = "<group>";
		};
		6C044B1D21A80698008ACE87 /* Network */ = {
			isa = PBXGroup;
			children = (
				6C044B2121A806D5008ACE87 /* Factory */,
				6C044B2021A806C4008ACE87 /* RequestManager */,
				6C044B1F21A806B9008ACE87 /* Requests */,
				6C044B1E21A806AA008ACE87 /* Pars */,
			);
			path = Network;
			sourceTree = "<group>";
		};
		6C044B1E21A806AA008ACE87 /* Pars */ = {
			isa = PBXGroup;
			children = (
				6C044B2E21A8087F008ACE87 /* IParse.swift */,
				6C044B3021A808A8008ACE87 /* PhotoParser.swift */,
				6C044B3221A808E6008ACE87 /* ImageParser.swift */,
			);
			path = Pars;
			sourceTree = "<group>";
		};
		6C044B1F21A806B9008ACE87 /* Requests */ = {
			isa = PBXGroup;
			children = (
				6C044B2821A807B0008ACE87 /* IRequest.swift */,
				6C044B2A21A807CE008ACE87 /* PhotoRequest.swift */,
				6C044B2C21A8081A008ACE87 /* ImageRequest.swift */,
			);
			path = Requests;
			sourceTree = "<group>";
		};
		6C044B2021A806C4008ACE87 /* RequestManager */ = {
			isa = PBXGroup;
			children = (
				6C044B2421A80713008ACE87 /* IRequestSender.swift */,
				6C044B2621A8073B008ACE87 /* RequestSender.swift */,
			);
			path = RequestManager;
			sourceTree = "<group>";
		};
		6C044B2121A806D5008ACE87 /* Factory */ = {
			isa = PBXGroup;
			children = (
				6C044B2221A806E0008ACE87 /* RequestFactory.swift */,
			);
			path = Factory;
			sourceTree = "<group>";
		};
		6C04FA6C219EC9A000628B30 /* Multipeer */ = {
			isa = PBXGroup;
			children = (
				6C04FA6E219EC9FB00628B30 /* CommunicatorStorageService.swift */,
				6C04FA70219ECB0700628B30 /* NewMultipeerCommunicator.swift */,
			);
			path = Multipeer;
			sourceTree = "<group>";
		};
		6C04FA72219ECD3200628B30 /* ServiceLayer */ = {
			isa = PBXGroup;
			children = (
				3AF6DD0E219F472200BB0F50 /* Assembly */,
				6C04FA73219ECD6B00628B30 /* Services */,
				3AF6DD18219F49E700BB0F50 /* CoreDataService.swift */,
				3AF6DD1C219F4B5F00BB0F50 /* ThemeService.swift */,
				6C044B1B21A805E0008ACE87 /* PhotoService.swift */,
			);
			path = ServiceLayer;
			sourceTree = "<group>";
		};
		6C04FA73219ECD6B00628B30 /* Services */ = {
			isa = PBXGroup;
			children = (
				3AF6DD11219F481F00BB0F50 /* ProfileStorage */,
				6C04FA74219ECD7300628B30 /* Communicator */,
			);
			path = Services;
			sourceTree = "<group>";
		};
		6C04FA74219ECD7300628B30 /* Communicator */ = {
			isa = PBXGroup;
			children = (
				6C04FA75219ECD8900628B30 /* CommunicatorManager.swift */,
			);
			path = Communicator;
			sourceTree = "<group>";
		};
		FC8323ED41DBA9A4765C6B36 /* Frameworks */ = {
			isa = PBXGroup;
			children = (
				B2FC6780ED959FC79EF1B5F4 /* Pods_tinkoffChat.framework */,
				BAB3EADEF051D1D6980A2D15 /* Pods_tinkoffChatTests.framework */,
			);
			name = Frameworks;
			sourceTree = "<group>";
		};
/* End PBXGroup section */

/* Begin PBXNativeTarget section */
		3A4070BE2153ADAE00AA9583 /* tinkoffChat */ = {
			isa = PBXNativeTarget;
			buildConfigurationList = 3A4070DC2153ADB000AA9583 /* Build configuration list for PBXNativeTarget "tinkoffChat" */;
			buildPhases = (
				7A669F56F4E43DB38FD5C978 /* [CP] Check Pods Manifest.lock */,
				6C03EFEF219563BC00C837F5 /* ShellScript */,
				3A4070BB2153ADAE00AA9583 /* Sources */,
				3A4070BC2153ADAE00AA9583 /* Frameworks */,
				3A4070BD2153ADAE00AA9583 /* Resources */,
			);
			buildRules = (
			);
			dependencies = (
			);
			name = tinkoffChat;
			productName = tinkoffChat;
			productReference = 3A4070BF2153ADAE00AA9583 /* tinkoffChat.app */;
			productType = "com.apple.product-type.application";
		};
		3A4070D22153ADB000AA9583 /* tinkoffChatTests */ = {
			isa = PBXNativeTarget;
			buildConfigurationList = 3A4070DF2153ADB000AA9583 /* Build configuration list for PBXNativeTarget "tinkoffChatTests" */;
			buildPhases = (
				B1012E6BC351E0631175759C /* [CP] Check Pods Manifest.lock */,
				3A4070CF2153ADB000AA9583 /* Sources */,
				3A4070D02153ADB000AA9583 /* Frameworks */,
				3A4070D12153ADB000AA9583 /* Resources */,
			);
			buildRules = (
			);
			dependencies = (
				3A4070D52153ADB000AA9583 /* PBXTargetDependency */,
			);
			name = tinkoffChatTests;
			productName = tinkoffChatTests;
			productReference = 3A4070D32153ADB000AA9583 /* tinkoffChatTests.xctest */;
			productType = "com.apple.product-type.bundle.unit-test";
		};
/* End PBXNativeTarget section */

/* Begin PBXProject section */
		3A4070B72153ADAE00AA9583 /* Project object */ = {
			isa = PBXProject;
			attributes = {
				LastSwiftUpdateCheck = 1000;
				LastUpgradeCheck = 1000;
				ORGANIZATIONNAME = Switch;
				TargetAttributes = {
					3A4070BE2153ADAE00AA9583 = {
						CreatedOnToolsVersion = 10.0;
					};
					3A4070D22153ADB000AA9583 = {
						CreatedOnToolsVersion = 10.0;
						TestTargetID = 3A4070BE2153ADAE00AA9583;
					};
				};
			};
			buildConfigurationList = 3A4070BA2153ADAE00AA9583 /* Build configuration list for PBXProject "tinkoffChat" */;
			compatibilityVersion = "Xcode 9.3";
			developmentRegion = en;
			hasScannedForEncodings = 0;
			knownRegions = (
				en,
				Base,
			);
			mainGroup = 3A4070B62153ADAE00AA9583;
			productRefGroup = 3A4070C02153ADAE00AA9583 /* Products */;
			projectDirPath = "";
			projectRoot = "";
			targets = (
				3A4070BE2153ADAE00AA9583 /* tinkoffChat */,
				3A4070D22153ADB000AA9583 /* tinkoffChatTests */,
			);
		};
/* End PBXProject section */

/* Begin PBXResourcesBuildPhase section */
		3A4070BD2153ADAE00AA9583 /* Resources */ = {
			isa = PBXResourcesBuildPhase;
			buildActionMask = 2147483647;
			files = (
				3A4070CD2153ADB000AA9583 /* LaunchScreen.storyboard in Resources */,
				3A4070CA2153ADB000AA9583 /* Assets.xcassets in Resources */,
				3A3404502165ECDC00D3FFB9 /* Conversations.storyboard in Resources */,
				6C044B1421A80374008ACE87 /* PhotoCollectionViewCell.xib in Resources */,
				6C044B1621A803C0008ACE87 /* PhotosViewController.xib in Resources */,
				3AF6DD4B21A001C700BB0F50 /* Themes.xib in Resources */,
				3AF6DD5121A00F8200BB0F50 /* ProfileViewController.xib in Resources */,
			);
			runOnlyForDeploymentPostprocessing = 0;
		};
		3A4070D12153ADB000AA9583 /* Resources */ = {
			isa = PBXResourcesBuildPhase;
			buildActionMask = 2147483647;
			files = (
			);
			runOnlyForDeploymentPostprocessing = 0;
		};
/* End PBXResourcesBuildPhase section */

/* Begin PBXShellScriptBuildPhase section */
		6C03EFEF219563BC00C837F5 /* ShellScript */ = {
			isa = PBXShellScriptBuildPhase;
			buildActionMask = 2147483647;
			files = (
			);
			inputFileListPaths = (
			);
			inputPaths = (
			);
			outputFileListPaths = (
			);
			outputPaths = (
			);
			runOnlyForDeploymentPostprocessing = 0;
			shellPath = /bin/sh;
			shellScript = "\"${PODS_ROOT}/SwiftLint/swiftlint\"\n";
		};
		7A669F56F4E43DB38FD5C978 /* [CP] Check Pods Manifest.lock */ = {
			isa = PBXShellScriptBuildPhase;
			buildActionMask = 2147483647;
			files = (
			);
			inputFileListPaths = (
			);
			inputPaths = (
				"${PODS_PODFILE_DIR_PATH}/Podfile.lock",
				"${PODS_ROOT}/Manifest.lock",
			);
			name = "[CP] Check Pods Manifest.lock";
			outputFileListPaths = (
			);
			outputPaths = (
				"$(DERIVED_FILE_DIR)/Pods-tinkoffChat-checkManifestLockResult.txt",
			);
			runOnlyForDeploymentPostprocessing = 0;
			shellPath = /bin/sh;
			shellScript = "diff \"${PODS_PODFILE_DIR_PATH}/Podfile.lock\" \"${PODS_ROOT}/Manifest.lock\" > /dev/null\nif [ $? != 0 ] ; then\n    # print error to STDERR\n    echo \"error: The sandbox is not in sync with the Podfile.lock. Run 'pod install' or update your CocoaPods installation.\" >&2\n    exit 1\nfi\n# This output is used by Xcode 'outputs' to avoid re-running this script phase.\necho \"SUCCESS\" > \"${SCRIPT_OUTPUT_FILE_0}\"\n";
			showEnvVarsInLog = 0;
		};
		B1012E6BC351E0631175759C /* [CP] Check Pods Manifest.lock */ = {
			isa = PBXShellScriptBuildPhase;
			buildActionMask = 2147483647;
			files = (
			);
			inputFileListPaths = (
			);
			inputPaths = (
				"${PODS_PODFILE_DIR_PATH}/Podfile.lock",
				"${PODS_ROOT}/Manifest.lock",
			);
			name = "[CP] Check Pods Manifest.lock";
			outputFileListPaths = (
			);
			outputPaths = (
				"$(DERIVED_FILE_DIR)/Pods-tinkoffChatTests-checkManifestLockResult.txt",
			);
			runOnlyForDeploymentPostprocessing = 0;
			shellPath = /bin/sh;
			shellScript = "diff \"${PODS_PODFILE_DIR_PATH}/Podfile.lock\" \"${PODS_ROOT}/Manifest.lock\" > /dev/null\nif [ $? != 0 ] ; then\n    # print error to STDERR\n    echo \"error: The sandbox is not in sync with the Podfile.lock. Run 'pod install' or update your CocoaPods installation.\" >&2\n    exit 1\nfi\n# This output is used by Xcode 'outputs' to avoid re-running this script phase.\necho \"SUCCESS\" > \"${SCRIPT_OUTPUT_FILE_0}\"\n";
			showEnvVarsInLog = 0;
		};
/* End PBXShellScriptBuildPhase section */

/* Begin PBXSourcesBuildPhase section */
		3A4070BB2153ADAE00AA9583 /* Sources */ = {
			isa = PBXSourcesBuildPhase;
			buildActionMask = 2147483647;
			files = (
				6C04FA6B219EC8DE00628B30 /* RootAssembly.swift in Sources */,
				6C044B1221A802E2008ACE87 /* PhotoCollectionViewCell.swift in Sources */,
				3AF6DD47219FF6A300BB0F50 /* ConversationViewController.swift in Sources */,
				6C0211A5219D698A00F36F1B /* CoreDataDiskStorage.swift in Sources */,
				6C044B1A21A80468008ACE87 /* PhotosFacade.swift in Sources */,
				3AF6DD45219FF6A300BB0F50 /* MessageWrapper.swift in Sources */,
				3AF6DD3C219F684500BB0F50 /* ConversationsTableViewCell.swift in Sources */,
				3AF6DD3A219F684500BB0F50 /* ConversationCellConfiguration.swift in Sources */,
				3AF6DD3D219F684500BB0F50 /* ConversationsDataProvider.swift in Sources */,
				6C03419C21B01EDD00CC0C11 /* CommonViewController.swift in Sources */,
				3AF7150E2168F00400473345 /* ChatLabel.swift in Sources */,
				3AF6DD20219F4C9600BB0F50 /* UserDefaults+Extension.swift in Sources */,
				3AF6DD4D21A0031000BB0F50 /* ThemeVC.swift in Sources */,
				6C044B1821A803DE008ACE87 /* PhotosViewController.swift in Sources */,
				6C04FA71219ECB0700628B30 /* NewMultipeerCommunicator.swift in Sources */,
				3AF6DD04219F375100BB0F50 /* Message+CoreData.swift in Sources */,
				3AF6DD48219FF6A300BB0F50 /* MessageTableViewCell.swift in Sources */,
				6C044B2B21A807CE008ACE87 /* PhotoRequest.swift in Sources */,
				3AF6DD13219F483000BB0F50 /* UserGCDStorageService.swift in Sources */,
				3AF6DD06219F381400BB0F50 /* AppUser+CoreData.swift in Sources */,
				3AF6DD29219F4F4D00BB0F50 /* ThemeFacade.swift in Sources */,
				3AF565E0216754D40074BE3D /* NSMutableAttributedString + Bold.swift in Sources */,
				3AF8AFF62171D55800E5B145 /* UIColor + Theme.swift in Sources */,
				3A3404642165FA9C00D3FFB9 /* Date + String.swift in Sources */,
				6C044B2721A8073B008ACE87 /* RequestSender.swift in Sources */,
				3A4070C32153ADAE00AA9583 /* AppDelegate.swift in Sources */,
				3AF6DD32219F527400BB0F50 /* PresentationAssembly.swift in Sources */,
				6C03419E21B01F7200CC0C11 /* EmitterLayer.swift in Sources */,
				6C044B2321A806E0008ACE87 /* RequestFactory.swift in Sources */,
				6C044B2D21A8081A008ACE87 /* ImageRequest.swift in Sources */,
				3AF6DD3B219F684500BB0F50 /* ConversationWrapper.swift in Sources */,
				3AF6DD08219F385000BB0F50 /* User+CoreData.swift in Sources */,
				3AF6DD1D219F4B6000BB0F50 /* ThemeService.swift in Sources */,
				6C044B3621A8280A008ACE87 /* NSCashe.swift in Sources */,
				6C044B1021A802BA008ACE87 /* IPhotosViewControllerDelegate.swift in Sources */,
				6C04FA6F219EC9FB00628B30 /* CommunicatorStorageService.swift in Sources */,
				3AF415302198278B0028CA39 /* TableVIew + Scroll.swift in Sources */,
				6C0211AB219D6E6500F36F1B /* CoreAssembly.swift in Sources */,
				3AF6DD15219F489B00BB0F50 /* UserOperationStorageService.swift in Sources */,
				3AF6DD26219F4EA600BB0F50 /* Profile.swift in Sources */,
				3AF6DD10219F475900BB0F50 /* ServicesAssembly.swift in Sources */,
				6C044B2921A807B0008ACE87 /* IRequest.swift in Sources */,
				3AF6DD19219F49E700BB0F50 /* CoreDataService.swift in Sources */,
				6C0341A021B0278700CC0C11 /* UIImage + resize.swift in Sources */,
				6C044B2521A80713008ACE87 /* IRequestSender.swift in Sources */,
				3AF6DD4F21A004A000BB0F50 /* ThemeViewControllerDelegate.swift in Sources */,
				3AF6DD17219F494800BB0F50 /* UserFileStorage.swift in Sources */,
				3AF6DD0D219F38D500BB0F50 /* Profile.xcdatamodeld in Sources */,
				3AF6DD39219F684500BB0F50 /* ConversationsListViewController.swift in Sources */,
				3AF6DD22219F4CE700BB0F50 /* UIColor+Extension.swift in Sources */,
				3AF6DD0A219F387200BB0F50 /* Conversation+CoreData.swift in Sources */,
				6C044B3121A808A8008ACE87 /* PhotoParser.swift in Sources */,
				3AF6DD46219FF6A300BB0F50 /* ConversationDataProvider.swift in Sources */,
				6C04FA76219ECD8900628B30 /* CommunicatorManager.swift in Sources */,
				3AF6DD2B219F4F5500BB0F50 /* UserStorageFacade.swift in Sources */,
				3AF6DD2D219F4F5B00BB0F50 /* CommunicationFacade.swift in Sources */,
				6C044B1C21A805E0008ACE87 /* PhotoService.swift in Sources */,
				3AF6DD2F219F4F6000BB0F50 /* CoreDataFacade.swift in Sources */,
				3AF6DD44219FF6A300BB0F50 /* MessageCellConfiguration.swift in Sources */,
				3AF34C5B21729B220072BBD3 /* ProfileViewController.swift in Sources */,
				6C044B2F21A8087F008ACE87 /* IParse.swift in Sources */,
				3A2686BF215EC1250058D4DC /* UIViewController + Alerts.swift in Sources */,
				3AF6DD1B219F4AC500BB0F50 /* UserCoreDataStorage.swift in Sources */,
				6C0211A8219D6A7800F36F1B /* IProfileStorage.swift in Sources */,
				6C044B3321A808E6008ACE87 /* ImageParser.swift in Sources */,
				3AF4A761218A1E4E00CBE95C /* CoreDataStack.swift in Sources */,
				6C03EFF321958AEA00C837F5 /* CoreDataEntities.swift in Sources */,
				6C0211AF219D773D00F36F1B /* IDiskStorage.swift in Sources */,
			);
			runOnlyForDeploymentPostprocessing = 0;
		};
		3A4070CF2153ADB000AA9583 /* Sources */ = {
			isa = PBXSourcesBuildPhase;
			buildActionMask = 2147483647;
			files = (
				3A4070D82153ADB000AA9583 /* tinkoffChatTests.swift in Sources */,
				3ADEC7F421BAED2400A4E5B5 /* ThemeTest.swift in Sources */,
			);
			runOnlyForDeploymentPostprocessing = 0;
		};
/* End PBXSourcesBuildPhase section */

/* Begin PBXTargetDependency section */
		3A4070D52153ADB000AA9583 /* PBXTargetDependency */ = {
			isa = PBXTargetDependency;
			target = 3A4070BE2153ADAE00AA9583 /* tinkoffChat */;
			targetProxy = 3A4070D42153ADB000AA9583 /* PBXContainerItemProxy */;
		};
/* End PBXTargetDependency section */

/* Begin PBXVariantGroup section */
		3A4070CB2153ADB000AA9583 /* LaunchScreen.storyboard */ = {
			isa = PBXVariantGroup;
			children = (
				3A4070CC2153ADB000AA9583 /* Base */,
			);
			name = LaunchScreen.storyboard;
			sourceTree = "<group>";
		};
/* End PBXVariantGroup section */

/* Begin XCBuildConfiguration section */
		3A4070DA2153ADB000AA9583 /* Debug */ = {
			isa = XCBuildConfiguration;
			buildSettings = {
				ALWAYS_SEARCH_USER_PATHS = NO;
				CLANG_ANALYZER_NONNULL = YES;
				CLANG_ANALYZER_NUMBER_OBJECT_CONVERSION = YES_AGGRESSIVE;
				CLANG_CXX_LANGUAGE_STANDARD = "gnu++14";
				CLANG_CXX_LIBRARY = "libc++";
				CLANG_ENABLE_MODULES = YES;
				CLANG_ENABLE_OBJC_ARC = NO;
				CLANG_ENABLE_OBJC_WEAK = YES;
				CLANG_WARN_BLOCK_CAPTURE_AUTORELEASING = YES;
				CLANG_WARN_BOOL_CONVERSION = YES;
				CLANG_WARN_COMMA = YES;
				CLANG_WARN_CONSTANT_CONVERSION = YES;
				CLANG_WARN_DEPRECATED_OBJC_IMPLEMENTATIONS = YES;
				CLANG_WARN_DIRECT_OBJC_ISA_USAGE = YES_ERROR;
				CLANG_WARN_DOCUMENTATION_COMMENTS = YES;
				CLANG_WARN_EMPTY_BODY = YES;
				CLANG_WARN_ENUM_CONVERSION = YES;
				CLANG_WARN_INFINITE_RECURSION = YES;
				CLANG_WARN_INT_CONVERSION = YES;
				CLANG_WARN_NON_LITERAL_NULL_CONVERSION = YES;
				CLANG_WARN_OBJC_IMPLICIT_RETAIN_SELF = YES;
				CLANG_WARN_OBJC_LITERAL_CONVERSION = YES;
				CLANG_WARN_OBJC_ROOT_CLASS = YES_ERROR;
				CLANG_WARN_RANGE_LOOP_ANALYSIS = YES;
				CLANG_WARN_STRICT_PROTOTYPES = YES;
				CLANG_WARN_SUSPICIOUS_MOVE = YES;
				CLANG_WARN_UNGUARDED_AVAILABILITY = YES_AGGRESSIVE;
				CLANG_WARN_UNREACHABLE_CODE = YES;
				CLANG_WARN__DUPLICATE_METHOD_MATCH = YES;
				CODE_SIGN_IDENTITY = "iPhone Developer";
				COPY_PHASE_STRIP = NO;
				DEBUG_INFORMATION_FORMAT = dwarf;
				ENABLE_STRICT_OBJC_MSGSEND = YES;
				ENABLE_TESTABILITY = YES;
				GCC_C_LANGUAGE_STANDARD = gnu11;
				GCC_DYNAMIC_NO_PIC = NO;
				GCC_NO_COMMON_BLOCKS = YES;
				GCC_OPTIMIZATION_LEVEL = 0;
				GCC_PREPROCESSOR_DEFINITIONS = (
					"DEBUG=1",
					"$(inherited)",
				);
				GCC_WARN_64_TO_32_BIT_CONVERSION = YES;
				GCC_WARN_ABOUT_RETURN_TYPE = YES_ERROR;
				GCC_WARN_UNDECLARED_SELECTOR = YES;
				GCC_WARN_UNINITIALIZED_AUTOS = YES_AGGRESSIVE;
				GCC_WARN_UNUSED_FUNCTION = YES;
				GCC_WARN_UNUSED_VARIABLE = YES;
				IPHONEOS_DEPLOYMENT_TARGET = 12.0;
				MTL_ENABLE_DEBUG_INFO = INCLUDE_SOURCE;
				MTL_FAST_MATH = YES;
				ONLY_ACTIVE_ARCH = YES;
				SDKROOT = iphoneos;
				SWIFT_ACTIVE_COMPILATION_CONDITIONS = DEBUG;
				SWIFT_OPTIMIZATION_LEVEL = "-Onone";
			};
			name = Debug;
		};
		3A4070DB2153ADB000AA9583 /* Release */ = {
			isa = XCBuildConfiguration;
			buildSettings = {
				ALWAYS_SEARCH_USER_PATHS = NO;
				CLANG_ANALYZER_NONNULL = YES;
				CLANG_ANALYZER_NUMBER_OBJECT_CONVERSION = YES_AGGRESSIVE;
				CLANG_CXX_LANGUAGE_STANDARD = "gnu++14";
				CLANG_CXX_LIBRARY = "libc++";
				CLANG_ENABLE_MODULES = YES;
				CLANG_ENABLE_OBJC_ARC = NO;
				CLANG_ENABLE_OBJC_WEAK = YES;
				CLANG_WARN_BLOCK_CAPTURE_AUTORELEASING = YES;
				CLANG_WARN_BOOL_CONVERSION = YES;
				CLANG_WARN_COMMA = YES;
				CLANG_WARN_CONSTANT_CONVERSION = YES;
				CLANG_WARN_DEPRECATED_OBJC_IMPLEMENTATIONS = YES;
				CLANG_WARN_DIRECT_OBJC_ISA_USAGE = YES_ERROR;
				CLANG_WARN_DOCUMENTATION_COMMENTS = YES;
				CLANG_WARN_EMPTY_BODY = YES;
				CLANG_WARN_ENUM_CONVERSION = YES;
				CLANG_WARN_INFINITE_RECURSION = YES;
				CLANG_WARN_INT_CONVERSION = YES;
				CLANG_WARN_NON_LITERAL_NULL_CONVERSION = YES;
				CLANG_WARN_OBJC_IMPLICIT_RETAIN_SELF = YES;
				CLANG_WARN_OBJC_LITERAL_CONVERSION = YES;
				CLANG_WARN_OBJC_ROOT_CLASS = YES_ERROR;
				CLANG_WARN_RANGE_LOOP_ANALYSIS = YES;
				CLANG_WARN_STRICT_PROTOTYPES = YES;
				CLANG_WARN_SUSPICIOUS_MOVE = YES;
				CLANG_WARN_UNGUARDED_AVAILABILITY = YES_AGGRESSIVE;
				CLANG_WARN_UNREACHABLE_CODE = YES;
				CLANG_WARN__DUPLICATE_METHOD_MATCH = YES;
				CODE_SIGN_IDENTITY = "iPhone Developer";
				COPY_PHASE_STRIP = NO;
				DEBUG_INFORMATION_FORMAT = "dwarf-with-dsym";
				ENABLE_NS_ASSERTIONS = NO;
				ENABLE_STRICT_OBJC_MSGSEND = YES;
				GCC_C_LANGUAGE_STANDARD = gnu11;
				GCC_NO_COMMON_BLOCKS = YES;
				GCC_WARN_64_TO_32_BIT_CONVERSION = YES;
				GCC_WARN_ABOUT_RETURN_TYPE = YES_ERROR;
				GCC_WARN_UNDECLARED_SELECTOR = YES;
				GCC_WARN_UNINITIALIZED_AUTOS = YES_AGGRESSIVE;
				GCC_WARN_UNUSED_FUNCTION = YES;
				GCC_WARN_UNUSED_VARIABLE = YES;
				IPHONEOS_DEPLOYMENT_TARGET = 12.0;
				MTL_ENABLE_DEBUG_INFO = NO;
				MTL_FAST_MATH = YES;
				SDKROOT = iphoneos;
				SWIFT_COMPILATION_MODE = wholemodule;
				SWIFT_OPTIMIZATION_LEVEL = "-O";
				VALIDATE_PRODUCT = YES;
			};
			name = Release;
		};
		3A4070DD2153ADB000AA9583 /* Debug */ = {
			isa = XCBuildConfiguration;
			baseConfigurationReference = 132B6CE1DD64455A7D17D587 /* Pods-tinkoffChat.debug.xcconfig */;
			buildSettings = {
				ALWAYS_EMBED_SWIFT_STANDARD_LIBRARIES = NO;
				ASSETCATALOG_COMPILER_APPICON_NAME = AppIcon;
				CODE_SIGN_STYLE = Automatic;
				DEFINES_MODULE = NO;
				DEVELOPMENT_TEAM = 2H932YHW79;
				INFOPLIST_FILE = "Supporting Files/Info.plist";
				IPHONEOS_DEPLOYMENT_TARGET = 11.0;
				LD_RUNPATH_SEARCH_PATHS = (
					"$(inherited)",
					"@executable_path/Frameworks",
				);
				PRODUCT_BUNDLE_IDENTIFIER = ru.Switch.tinkoffChat;
				PRODUCT_NAME = "$(TARGET_NAME)";
				SWIFT_ACTIVE_COMPILATION_CONDITIONS = OBJ;
				SWIFT_OBJC_BRIDGING_HEADER = "";
				SWIFT_VERSION = 4.2;
				TARGETED_DEVICE_FAMILY = 1;
			};
			name = Debug;
		};
		3A4070DE2153ADB000AA9583 /* Release */ = {
			isa = XCBuildConfiguration;
			baseConfigurationReference = 37BD5A02516F561CC723A065 /* Pods-tinkoffChat.release.xcconfig */;
			buildSettings = {
				ALWAYS_EMBED_SWIFT_STANDARD_LIBRARIES = NO;
				ASSETCATALOG_COMPILER_APPICON_NAME = AppIcon;
				CODE_SIGN_STYLE = Automatic;
				DEFINES_MODULE = NO;
				DEVELOPMENT_TEAM = 2H932YHW79;
				INFOPLIST_FILE = "Supporting Files/Info.plist";
				IPHONEOS_DEPLOYMENT_TARGET = 11.0;
				LD_RUNPATH_SEARCH_PATHS = (
					"$(inherited)",
					"@executable_path/Frameworks",
				);
				PRODUCT_BUNDLE_IDENTIFIER = ru.Switch.tinkoffChat;
				PRODUCT_NAME = "$(TARGET_NAME)";
				SWIFT_OBJC_BRIDGING_HEADER = "";
				SWIFT_VERSION = 4.2;
				TARGETED_DEVICE_FAMILY = 1;
			};
			name = Release;
		};
		3A4070E02153ADB000AA9583 /* Debug */ = {
			isa = XCBuildConfiguration;
			baseConfigurationReference = 17A49727F784789F77053AB7 /* Pods-tinkoffChatTests.debug.xcconfig */;
			buildSettings = {
				ALWAYS_EMBED_SWIFT_STANDARD_LIBRARIES = YES;
				BUNDLE_LOADER = "$(TEST_HOST)";
				CODE_SIGN_STYLE = Automatic;
				DEVELOPMENT_TEAM = 2H932YHW79;
				INFOPLIST_FILE = tinkoffChatTests/Info.plist;
				LD_RUNPATH_SEARCH_PATHS = (
					"$(inherited)",
					"@executable_path/Frameworks",
					"@loader_path/Frameworks",
				);
				PRODUCT_BUNDLE_IDENTIFIER = ru.Switch.tinkoffChatTests;
				PRODUCT_NAME = "$(TARGET_NAME)";
				SWIFT_VERSION = 4.2;
				TARGETED_DEVICE_FAMILY = "1,2";
				TEST_HOST = "$(BUILT_PRODUCTS_DIR)/tinkoffChat.app/tinkoffChat";
			};
			name = Debug;
		};
		3A4070E12153ADB000AA9583 /* Release */ = {
			isa = XCBuildConfiguration;
			baseConfigurationReference = CCBF14B78ABB4B2F4753330F /* Pods-tinkoffChatTests.release.xcconfig */;
			buildSettings = {
				ALWAYS_EMBED_SWIFT_STANDARD_LIBRARIES = YES;
				BUNDLE_LOADER = "$(TEST_HOST)";
				CODE_SIGN_STYLE = Automatic;
				DEVELOPMENT_TEAM = 2H932YHW79;
				INFOPLIST_FILE = tinkoffChatTests/Info.plist;
				LD_RUNPATH_SEARCH_PATHS = (
					"$(inherited)",
					"@executable_path/Frameworks",
					"@loader_path/Frameworks",
				);
				PRODUCT_BUNDLE_IDENTIFIER = ru.Switch.tinkoffChatTests;
				PRODUCT_NAME = "$(TARGET_NAME)";
				SWIFT_VERSION = 4.2;
				TARGETED_DEVICE_FAMILY = "1,2";
				TEST_HOST = "$(BUILT_PRODUCTS_DIR)/tinkoffChat.app/tinkoffChat";
			};
			name = Release;
		};
/* End XCBuildConfiguration section */

/* Begin XCConfigurationList section */
		3A4070BA2153ADAE00AA9583 /* Build configuration list for PBXProject "tinkoffChat" */ = {
			isa = XCConfigurationList;
			buildConfigurations = (
				3A4070DA2153ADB000AA9583 /* Debug */,
				3A4070DB2153ADB000AA9583 /* Release */,
			);
			defaultConfigurationIsVisible = 0;
			defaultConfigurationName = Release;
		};
		3A4070DC2153ADB000AA9583 /* Build configuration list for PBXNativeTarget "tinkoffChat" */ = {
			isa = XCConfigurationList;
			buildConfigurations = (
				3A4070DD2153ADB000AA9583 /* Debug */,
				3A4070DE2153ADB000AA9583 /* Release */,
			);
			defaultConfigurationIsVisible = 0;
			defaultConfigurationName = Release;
		};
		3A4070DF2153ADB000AA9583 /* Build configuration list for PBXNativeTarget "tinkoffChatTests" */ = {
			isa = XCConfigurationList;
			buildConfigurations = (
				3A4070E02153ADB000AA9583 /* Debug */,
				3A4070E12153ADB000AA9583 /* Release */,
			);
			defaultConfigurationIsVisible = 0;
			defaultConfigurationName = Release;
		};
/* End XCConfigurationList section */

/* Begin XCVersionGroup section */
		3AF6DD0B219F38D500BB0F50 /* Profile.xcdatamodeld */ = {
			isa = XCVersionGroup;
			children = (
				3AF6DD0C219F38D500BB0F50 /* Profile.xcdatamodel */,
			);
			currentVersion = 3AF6DD0C219F38D500BB0F50 /* Profile.xcdatamodel */;
			name = Profile.xcdatamodeld;
			path = TinkoffChat/Profile.xcdatamodeld;
			sourceTree = "<group>";
			versionGroupType = wrapper.xcdatamodel;
		};
/* End XCVersionGroup section */
	};
	rootObject = 3A4070B72153ADAE00AA9583 /* Project object */;
}
