// !$*UTF8*$!
{
	archiveVersion = 1;
	classes = {
	};
	objectVersion = 50;
	objects = {

/* Begin PBXBuildFile section */
		3A2686BF215EC1250058D4DC /* UIViewController + Alerts.swift in Sources */ = {isa = PBXBuildFile; fileRef = 3A2686BE215EC1250058D4DC /* UIViewController + Alerts.swift */; };
		3A2A99FA216A28E600A2D934 /* MassageTextModel.swift in Sources */ = {isa = PBXBuildFile; fileRef = 3A2A99F9216A28E600A2D934 /* MassageTextModel.swift */; };
		3A2A99FC216A2E2300A2D934 /* ConversationsListView.swift in Sources */ = {isa = PBXBuildFile; fileRef = 3A2A99FB216A2E2300A2D934 /* ConversationsListView.swift */; };
		3A34044E216525A300D3FFB9 /* ConversationsListViewController.swift in Sources */ = {isa = PBXBuildFile; fileRef = 3A34044D216525A300D3FFB9 /* ConversationsListViewController.swift */; };
		3A3404502165ECDC00D3FFB9 /* Conversations.storyboard in Resources */ = {isa = PBXBuildFile; fileRef = 3A34044F2165ECDC00D3FFB9 /* Conversations.storyboard */; };
		3A34045A2165F3ED00D3FFB9 /* MassageCellVIew.swift in Sources */ = {isa = PBXBuildFile; fileRef = 3A3404592165F3ED00D3FFB9 /* MassageCellVIew.swift */; };
		3A34045D2165F4EF00D3FFB9 /* MassageModel.swift in Sources */ = {isa = PBXBuildFile; fileRef = 3A34045C2165F4EF00D3FFB9 /* MassageModel.swift */; };
		3A3404612165F7EF00D3FFB9 /* ConversationCellConfiguration.swift in Sources */ = {isa = PBXBuildFile; fileRef = 3A3404602165F7EF00D3FFB9 /* ConversationCellConfiguration.swift */; };
		3A3404642165FA9C00D3FFB9 /* Date + String.swift in Sources */ = {isa = PBXBuildFile; fileRef = 3A3404632165FA9C00D3FFB9 /* Date + String.swift */; };
		3A4070C32153ADAE00AA9583 /* AppDelegate.swift in Sources */ = {isa = PBXBuildFile; fileRef = 3A4070C22153ADAE00AA9583 /* AppDelegate.swift */; };
		3A4070C82153ADAE00AA9583 /* Profile.storyboard in Resources */ = {isa = PBXBuildFile; fileRef = 3A4070C62153ADAE00AA9583 /* Profile.storyboard */; };
		3A4070CA2153ADB000AA9583 /* Assets.xcassets in Resources */ = {isa = PBXBuildFile; fileRef = 3A4070C92153ADB000AA9583 /* Assets.xcassets */; };
		3A4070CD2153ADB000AA9583 /* LaunchScreen.storyboard in Resources */ = {isa = PBXBuildFile; fileRef = 3A4070CB2153ADB000AA9583 /* LaunchScreen.storyboard */; };
		3A4070D82153ADB000AA9583 /* tinkoffChatTests.swift in Sources */ = {isa = PBXBuildFile; fileRef = 3A4070D72153ADB000AA9583 /* tinkoffChatTests.swift */; };
		3A4445CE217131590047B1DE /* Themes.m in Sources */ = {isa = PBXBuildFile; fileRef = 3A4445CD217131580047B1DE /* Themes.m */; };
		3ADD6A4D216FCA2200759687 /* ThemesViewController.m in Sources */ = {isa = PBXBuildFile; fileRef = 3ADD6A48216FCA2200759687 /* ThemesViewController.m */; };
		3AE33B462166443D00B3264F /* ConversationsView.swift in Sources */ = {isa = PBXBuildFile; fileRef = 3AE33B452166443D00B3264F /* ConversationsView.swift */; };
		3AE33B4921664A2900B3264F /* ConversationsPresenter.swift in Sources */ = {isa = PBXBuildFile; fileRef = 3AE33B4821664A2900B3264F /* ConversationsPresenter.swift */; };
		3AF20C232167C9A10072AFA1 /* MassageCellConfiguration.swift in Sources */ = {isa = PBXBuildFile; fileRef = 3AF20C222167C9A10072AFA1 /* MassageCellConfiguration.swift */; };
		3AF34C37217261520072BBD3 /* ChatLabel.swift in Sources */ = {isa = PBXBuildFile; fileRef = 3AF7150D2168F00400473345 /* ChatLabel.swift */; };
		3AF34C38217261520072BBD3 /* ConversationsListView.swift in Sources */ = {isa = PBXBuildFile; fileRef = 3A2A99FB216A2E2300A2D934 /* ConversationsListView.swift */; };
		3AF34C39217261520072BBD3 /* ChatMassageCellIView.swift in Sources */ = {isa = PBXBuildFile; fileRef = 3AF565DD216745C80074BE3D /* ChatMassageCellIView.swift */; };
		3AF34C3A217261520072BBD3 /* ConversationViewController.swift in Sources */ = {isa = PBXBuildFile; fileRef = 3AF565E121676B6A0074BE3D /* ConversationViewController.swift */; };
		3AF34C3B217261520072BBD3 /* MassageCellVIew.swift in Sources */ = {isa = PBXBuildFile; fileRef = 3A3404592165F3ED00D3FFB9 /* MassageCellVIew.swift */; };
		3AF34C3C217261520072BBD3 /* NSMutableAttributedString + Bold.swift in Sources */ = {isa = PBXBuildFile; fileRef = 3AF565DF216754D40074BE3D /* NSMutableAttributedString + Bold.swift */; };
		3AF34C3D217261520072BBD3 /* MassageSingleton.swift in Sources */ = {isa = PBXBuildFile; fileRef = 3AF565E3216778270074BE3D /* MassageSingleton.swift */; };
		3AF34C3E217261520072BBD3 /* UIColor + Theme.swift in Sources */ = {isa = PBXBuildFile; fileRef = 3AF8AFF52171D55800E5B145 /* UIColor + Theme.swift */; };
		3AF34C3F217261520072BBD3 /* Date + String.swift in Sources */ = {isa = PBXBuildFile; fileRef = 3A3404632165FA9C00D3FFB9 /* Date + String.swift */; };
		3AF34C41217261520072BBD3 /* ConversationsView.swift in Sources */ = {isa = PBXBuildFile; fileRef = 3AE33B452166443D00B3264F /* ConversationsView.swift */; };
		3AF34C42217261520072BBD3 /* AppDelegate.swift in Sources */ = {isa = PBXBuildFile; fileRef = 3A4070C22153ADAE00AA9583 /* AppDelegate.swift */; };
		3AF34C43217261520072BBD3 /* ConversationCellConfiguration.swift in Sources */ = {isa = PBXBuildFile; fileRef = 3A3404602165F7EF00D3FFB9 /* ConversationCellConfiguration.swift */; };
		3AF34C45217261520072BBD3 /* ThemesViewController.swift in Sources */ = {isa = PBXBuildFile; fileRef = 3AF8AFF22171BE6700E5B145 /* ThemesViewController.swift */; };
		3AF34C46217261520072BBD3 /* MassageCellConfiguration.swift in Sources */ = {isa = PBXBuildFile; fileRef = 3AF20C222167C9A10072AFA1 /* MassageCellConfiguration.swift */; };
		3AF34C47217261520072BBD3 /* MassageModel.swift in Sources */ = {isa = PBXBuildFile; fileRef = 3A34045C2165F4EF00D3FFB9 /* MassageModel.swift */; };
		3AF34C48217261520072BBD3 /* MassageTextModel.swift in Sources */ = {isa = PBXBuildFile; fileRef = 3A2A99F9216A28E600A2D934 /* MassageTextModel.swift */; };
		3AF34C49217261520072BBD3 /* ConversationsListViewController.swift in Sources */ = {isa = PBXBuildFile; fileRef = 3A34044D216525A300D3FFB9 /* ConversationsListViewController.swift */; };
		3AF34C4A217261520072BBD3 /* Themes.m in Sources */ = {isa = PBXBuildFile; fileRef = 3A4445CD217131580047B1DE /* Themes.m */; };
		3AF34C4B217261520072BBD3 /* ConversationsPresenter.swift in Sources */ = {isa = PBXBuildFile; fileRef = 3AE33B4821664A2900B3264F /* ConversationsPresenter.swift */; };
		3AF34C4C217261520072BBD3 /* UIViewController + Alerts.swift in Sources */ = {isa = PBXBuildFile; fileRef = 3A2686BE215EC1250058D4DC /* UIViewController + Alerts.swift */; };
		3AF34C4F217261520072BBD3 /* LaunchScreen.storyboard in Resources */ = {isa = PBXBuildFile; fileRef = 3A4070CB2153ADB000AA9583 /* LaunchScreen.storyboard */; };
		3AF34C50217261520072BBD3 /* Assets.xcassets in Resources */ = {isa = PBXBuildFile; fileRef = 3A4070C92153ADB000AA9583 /* Assets.xcassets */; };
		3AF34C51217261520072BBD3 /* Conversations.storyboard in Resources */ = {isa = PBXBuildFile; fileRef = 3A34044F2165ECDC00D3FFB9 /* Conversations.storyboard */; };
		3AF34C53217261520072BBD3 /* Profile.storyboard in Resources */ = {isa = PBXBuildFile; fileRef = 3A4070C62153ADAE00AA9583 /* Profile.storyboard */; };
		3AF34C59217285EB0072BBD3 /* ProfileViewController.swift in Sources */ = {isa = PBXBuildFile; fileRef = 3A4070C42153ADAE00AA9583 /* ProfileViewController.swift */; };
		3AF34C5B21729B220072BBD3 /* ProfileViewController.swift in Sources */ = {isa = PBXBuildFile; fileRef = 3A4070C42153ADAE00AA9583 /* ProfileViewController.swift */; };
		3AF565DE216745C80074BE3D /* ChatMassageCellIView.swift in Sources */ = {isa = PBXBuildFile; fileRef = 3AF565DD216745C80074BE3D /* ChatMassageCellIView.swift */; };
		3AF565E0216754D40074BE3D /* NSMutableAttributedString + Bold.swift in Sources */ = {isa = PBXBuildFile; fileRef = 3AF565DF216754D40074BE3D /* NSMutableAttributedString + Bold.swift */; };
		3AF565E221676B6A0074BE3D /* ConversationViewController.swift in Sources */ = {isa = PBXBuildFile; fileRef = 3AF565E121676B6A0074BE3D /* ConversationViewController.swift */; };
		3AF565E4216778270074BE3D /* MassageSingleton.swift in Sources */ = {isa = PBXBuildFile; fileRef = 3AF565E3216778270074BE3D /* MassageSingleton.swift */; };
		3AF7150E2168F00400473345 /* ChatLabel.swift in Sources */ = {isa = PBXBuildFile; fileRef = 3AF7150D2168F00400473345 /* ChatLabel.swift */; };
		3AF8AFF62171D55800E5B145 /* UIColor + Theme.swift in Sources */ = {isa = PBXBuildFile; fileRef = 3AF8AFF52171D55800E5B145 /* UIColor + Theme.swift */; };
/* End PBXBuildFile section */

/* Begin PBXContainerItemProxy section */
		3A4070D42153ADB000AA9583 /* PBXContainerItemProxy */ = {
			isa = PBXContainerItemProxy;
			containerPortal = 3A4070B72153ADAE00AA9583 /* Project object */;
			proxyType = 1;
			remoteGlobalIDString = 3A4070BE2153ADAE00AA9583;
			remoteInfo = tinkoffChat;
		};
/* End PBXContainerItemProxy section */

/* Begin PBXFileReference section */
		3A2686BE215EC1250058D4DC /* UIViewController + Alerts.swift */ = {isa = PBXFileReference; lastKnownFileType = sourcecode.swift; path = "UIViewController + Alerts.swift"; sourceTree = "<group>"; };
		3A2A99F9216A28E600A2D934 /* MassageTextModel.swift */ = {isa = PBXFileReference; lastKnownFileType = sourcecode.swift; path = MassageTextModel.swift; sourceTree = "<group>"; };
		3A2A99FB216A2E2300A2D934 /* ConversationsListView.swift */ = {isa = PBXFileReference; lastKnownFileType = sourcecode.swift; path = ConversationsListView.swift; sourceTree = "<group>"; };
		3A34044D216525A300D3FFB9 /* ConversationsListViewController.swift */ = {isa = PBXFileReference; lastKnownFileType = sourcecode.swift; path = ConversationsListViewController.swift; sourceTree = "<group>"; };
		3A34044F2165ECDC00D3FFB9 /* Conversations.storyboard */ = {isa = PBXFileReference; lastKnownFileType = file.storyboard; path = Conversations.storyboard; sourceTree = "<group>"; };
		3A3404592165F3ED00D3FFB9 /* MassageCellVIew.swift */ = {isa = PBXFileReference; lastKnownFileType = sourcecode.swift; path = MassageCellVIew.swift; sourceTree = "<group>"; };
		3A34045C2165F4EF00D3FFB9 /* MassageModel.swift */ = {isa = PBXFileReference; lastKnownFileType = sourcecode.swift; path = MassageModel.swift; sourceTree = "<group>"; };
		3A3404602165F7EF00D3FFB9 /* ConversationCellConfiguration.swift */ = {isa = PBXFileReference; lastKnownFileType = sourcecode.swift; path = ConversationCellConfiguration.swift; sourceTree = "<group>"; };
		3A3404632165FA9C00D3FFB9 /* Date + String.swift */ = {isa = PBXFileReference; lastKnownFileType = sourcecode.swift; path = "Date + String.swift"; sourceTree = "<group>"; };
		3A4070BF2153ADAE00AA9583 /* tinkoffChat.app */ = {isa = PBXFileReference; explicitFileType = wrapper.application; includeInIndex = 0; path = tinkoffChat.app; sourceTree = BUILT_PRODUCTS_DIR; };
		3A4070C22153ADAE00AA9583 /* AppDelegate.swift */ = {isa = PBXFileReference; lastKnownFileType = sourcecode.swift; path = AppDelegate.swift; sourceTree = "<group>"; };
		3A4070C42153ADAE00AA9583 /* ProfileViewController.swift */ = {isa = PBXFileReference; lastKnownFileType = sourcecode.swift; path = ProfileViewController.swift; sourceTree = "<group>"; };
		3A4070C72153ADAE00AA9583 /* Base */ = {isa = PBXFileReference; lastKnownFileType = file.storyboard; name = Base; path = Base.lproj/Profile.storyboard; sourceTree = "<group>"; };
		3A4070C92153ADB000AA9583 /* Assets.xcassets */ = {isa = PBXFileReference; lastKnownFileType = folder.assetcatalog; path = Assets.xcassets; sourceTree = "<group>"; };
		3A4070CC2153ADB000AA9583 /* Base */ = {isa = PBXFileReference; lastKnownFileType = file.storyboard; name = Base; path = Base.lproj/LaunchScreen.storyboard; sourceTree = "<group>"; };
		3A4070CE2153ADB000AA9583 /* Info.plist */ = {isa = PBXFileReference; lastKnownFileType = text.plist.xml; path = Info.plist; sourceTree = "<group>"; };
		3A4070D32153ADB000AA9583 /* tinkoffChatTests.xctest */ = {isa = PBXFileReference; explicitFileType = wrapper.cfbundle; includeInIndex = 0; path = tinkoffChatTests.xctest; sourceTree = BUILT_PRODUCTS_DIR; };
		3A4070D72153ADB000AA9583 /* tinkoffChatTests.swift */ = {isa = PBXFileReference; lastKnownFileType = sourcecode.swift; path = tinkoffChatTests.swift; sourceTree = "<group>"; };
		3A4070D92153ADB000AA9583 /* Info.plist */ = {isa = PBXFileReference; lastKnownFileType = text.plist.xml; path = Info.plist; sourceTree = "<group>"; };
		3A4445CD217131580047B1DE /* Themes.m */ = {isa = PBXFileReference; fileEncoding = 4; lastKnownFileType = sourcecode.c.objc; name = Themes.m; path = tinkoffChat/Themes.m; sourceTree = SOURCE_ROOT; };
		3ADD6A47216FCA2200759687 /* ThemesViewController.h */ = {isa = PBXFileReference; fileEncoding = 4; lastKnownFileType = sourcecode.c.h; path = ThemesViewController.h; sourceTree = "<group>"; };
		3ADD6A48216FCA2200759687 /* ThemesViewController.m */ = {isa = PBXFileReference; fileEncoding = 4; lastKnownFileType = sourcecode.c.objc; path = ThemesViewController.m; sourceTree = "<group>"; };
		3ADD6A49216FCA2200759687 /* ThemesViewControllerDelegate.h */ = {isa = PBXFileReference; fileEncoding = 4; lastKnownFileType = sourcecode.c.h; path = ThemesViewControllerDelegate.h; sourceTree = "<group>"; };
		3ADD6A4A216FCA2200759687 /* tinkoffChat-Bridging-Header.h */ = {isa = PBXFileReference; fileEncoding = 4; lastKnownFileType = sourcecode.c.h; path = "tinkoffChat-Bridging-Header.h"; sourceTree = "<group>"; };
		3ADD6A4B216FCA2200759687 /* Themes.h */ = {isa = PBXFileReference; fileEncoding = 4; lastKnownFileType = sourcecode.c.h; path = Themes.h; sourceTree = "<group>"; };
		3AE33B452166443D00B3264F /* ConversationsView.swift */ = {isa = PBXFileReference; lastKnownFileType = sourcecode.swift; path = ConversationsView.swift; sourceTree = "<group>"; };
		3AE33B4821664A2900B3264F /* ConversationsPresenter.swift */ = {isa = PBXFileReference; lastKnownFileType = sourcecode.swift; path = ConversationsPresenter.swift; sourceTree = "<group>"; };
		3AF20C222167C9A10072AFA1 /* MassageCellConfiguration.swift */ = {isa = PBXFileReference; lastKnownFileType = sourcecode.swift; path = MassageCellConfiguration.swift; sourceTree = "<group>"; };
		3AF34C57217261520072BBD3 /* tinkoffChat Swift.app */ = {isa = PBXFileReference; explicitFileType = wrapper.application; includeInIndex = 0; path = "tinkoffChat Swift.app"; sourceTree = BUILT_PRODUCTS_DIR; };
		3AF34C58217261520072BBD3 /* tinkoffChat Swift-Info.plist */ = {isa = PBXFileReference; lastKnownFileType = text.plist.xml; name = "tinkoffChat Swift-Info.plist"; path = "/Users/anton/Desktop/tinkoffChat/tinkoffChat Swift-Info.plist"; sourceTree = "<absolute>"; };
		3AF565DD216745C80074BE3D /* ChatMassageCellIView.swift */ = {isa = PBXFileReference; lastKnownFileType = sourcecode.swift; path = ChatMassageCellIView.swift; sourceTree = "<group>"; };
		3AF565DF216754D40074BE3D /* NSMutableAttributedString + Bold.swift */ = {isa = PBXFileReference; lastKnownFileType = sourcecode.swift; path = "NSMutableAttributedString + Bold.swift"; sourceTree = "<group>"; };
		3AF565E121676B6A0074BE3D /* ConversationViewController.swift */ = {isa = PBXFileReference; lastKnownFileType = sourcecode.swift; path = ConversationViewController.swift; sourceTree = "<group>"; };
		3AF565E3216778270074BE3D /* MassageSingleton.swift */ = {isa = PBXFileReference; lastKnownFileType = sourcecode.swift; path = MassageSingleton.swift; sourceTree = "<group>"; };
		3AF7150D2168F00400473345 /* ChatLabel.swift */ = {isa = PBXFileReference; lastKnownFileType = sourcecode.swift; path = ChatLabel.swift; sourceTree = "<group>"; };
		3AF8AFF22171BE6700E5B145 /* ThemesViewController.swift */ = {isa = PBXFileReference; lastKnownFileType = sourcecode.swift; path = ThemesViewController.swift; sourceTree = "<group>"; };
		3AF8AFF52171D55800E5B145 /* UIColor + Theme.swift */ = {isa = PBXFileReference; lastKnownFileType = sourcecode.swift; path = "UIColor + Theme.swift"; sourceTree = "<group>"; };
/* End PBXFileReference section */

/* Begin PBXFrameworksBuildPhase section */
		3A4070BC2153ADAE00AA9583 /* Frameworks */ = {
			isa = PBXFrameworksBuildPhase;
			buildActionMask = 2147483647;
			files = (
			);
			runOnlyForDeploymentPostprocessing = 0;
		};
		3A4070D02153ADB000AA9583 /* Frameworks */ = {
			isa = PBXFrameworksBuildPhase;
			buildActionMask = 2147483647;
			files = (
			);
			runOnlyForDeploymentPostprocessing = 0;
		};
		3AF34C4D217261520072BBD3 /* Frameworks */ = {
			isa = PBXFrameworksBuildPhase;
			buildActionMask = 2147483647;
			files = (
			);
			runOnlyForDeploymentPostprocessing = 0;
		};
/* End PBXFrameworksBuildPhase section */

/* Begin PBXGroup section */
		3A0BAF472155635400A2D876 /* extension */ = {
			isa = PBXGroup;
			children = (
				3A2686BE215EC1250058D4DC /* UIViewController + Alerts.swift */,
				3A3404632165FA9C00D3FFB9 /* Date + String.swift */,
				3AF565DF216754D40074BE3D /* NSMutableAttributedString + Bold.swift */,
				3AF8AFF52171D55800E5B145 /* UIColor + Theme.swift */,
			);
			path = extension;
			sourceTree = "<group>";
		};
		3A3404512165F33000D3FFB9 /* DefaultUIElement */ = {
			isa = PBXGroup;
			children = (
				3A3404522165F35900D3FFB9 /* Main */,
			);
			path = DefaultUIElement;
			sourceTree = "<group>";
		};
		3A3404522165F35900D3FFB9 /* Main */ = {
			isa = PBXGroup;
			children = (
				3AF7150D2168F00400473345 /* ChatLabel.swift */,
			);
			path = Main;
			sourceTree = "<group>";
		};
		3A3404552165F39400D3FFB9 /* UI */ = {
			isa = PBXGroup;
			children = (
				3AF8AFF12171BE3C00E5B145 /* Themes */,
				3ADBEF5A216699E800C709DC /* Profile */,
				3A3404562165F39A00D3FFB9 /* Conversations */,
			);
			path = UI;
			sourceTree = "<group>";
		};
		3A3404562165F39A00D3FFB9 /* Conversations */ = {
			isa = PBXGroup;
			children = (
				3A3404572165F3B900D3FFB9 /* CellVIew */,
				3A34044F2165ECDC00D3FFB9 /* Conversations.storyboard */,
				3A34044D216525A300D3FFB9 /* ConversationsListViewController.swift */,
				3AF565E121676B6A0074BE3D /* ConversationViewController.swift */,
			);
			path = Conversations;
			sourceTree = "<group>";
		};
		3A3404572165F3B900D3FFB9 /* CellVIew */ = {
			isa = PBXGroup;
			children = (
				3A3404582165F3DB00D3FFB9 /* MassageCell */,
			);
			path = CellVIew;
			sourceTree = "<group>";
		};
		3A3404582165F3DB00D3FFB9 /* MassageCell */ = {
			isa = PBXGroup;
			children = (
				3A3404592165F3ED00D3FFB9 /* MassageCellVIew.swift */,
				3AF565DD216745C80074BE3D /* ChatMassageCellIView.swift */,
			);
			path = MassageCell;
			sourceTree = "<group>";
		};
		3A34045B2165F4E000D3FFB9 /* Model */ = {
			isa = PBXGroup;
			children = (
				3A34045C2165F4EF00D3FFB9 /* MassageModel.swift */,
				3A2A99F9216A28E600A2D934 /* MassageTextModel.swift */,
			);
			path = Model;
			sourceTree = "<group>";
		};
		3A34045E2165F7D100D3FFB9 /* Presenter */ = {
			isa = PBXGroup;
			children = (
				3AF565E521677B2C0074BE3D /* Conversations */,
			);
			path = Presenter;
			sourceTree = "<group>";
		};
		3A34045F2165F7D900D3FFB9 /* CellView */ = {
			isa = PBXGroup;
			children = (
				3A3404602165F7EF00D3FFB9 /* ConversationCellConfiguration.swift */,
				3AF20C222167C9A10072AFA1 /* MassageCellConfiguration.swift */,
			);
			path = CellView;
			sourceTree = "<group>";
		};
		3A4070B62153ADAE00AA9583 = {
			isa = PBXGroup;
			children = (
				3A4070C12153ADAE00AA9583 /* tinkoffChat */,
				3A4070D62153ADB000AA9583 /* tinkoffChatTests */,
				3A4070C02153ADAE00AA9583 /* Products */,
				3AF34C58217261520072BBD3 /* tinkoffChat Swift-Info.plist */,
			);
			sourceTree = "<group>";
		};
		3A4070C02153ADAE00AA9583 /* Products */ = {
			isa = PBXGroup;
			children = (
				3A4070BF2153ADAE00AA9583 /* tinkoffChat.app */,
				3A4070D32153ADB000AA9583 /* tinkoffChatTests.xctest */,
				3AF34C57217261520072BBD3 /* tinkoffChat Swift.app */,
			);
			name = Products;
			sourceTree = "<group>";
		};
		3A4070C12153ADAE00AA9583 /* tinkoffChat */ = {
			isa = PBXGroup;
			children = (
				3ADD6A4A216FCA2200759687 /* tinkoffChat-Bridging-Header.h */,
				3ADD6A44216FCA2200759687 /* Obj-c */,
				3AF565E621677B710074BE3D /* Manager */,
				3AE33B47216649FE00B3264F /* MVP */,
				3A3404552165F39400D3FFB9 /* UI */,
				3A3404512165F33000D3FFB9 /* DefaultUIElement */,
				3A0BAF472155635400A2D876 /* extension */,
				3A4070C22153ADAE00AA9583 /* AppDelegate.swift */,
				3A4070C92153ADB000AA9583 /* Assets.xcassets */,
				3A4070CB2153ADB000AA9583 /* LaunchScreen.storyboard */,
				3A4070CE2153ADB000AA9583 /* Info.plist */,
			);
			path = tinkoffChat;
			sourceTree = "<group>";
		};
		3A4070D62153ADB000AA9583 /* tinkoffChatTests */ = {
			isa = PBXGroup;
			children = (
				3A4070D72153ADB000AA9583 /* tinkoffChatTests.swift */,
				3A4070D92153ADB000AA9583 /* Info.plist */,
			);
			path = tinkoffChatTests;
			sourceTree = "<group>";
		};
		3ADBEF5A216699E800C709DC /* Profile */ = {
			isa = PBXGroup;
			children = (
				3A4070C62153ADAE00AA9583 /* Profile.storyboard */,
				3A4070C42153ADAE00AA9583 /* ProfileViewController.swift */,
			);
			path = Profile;
			sourceTree = "<group>";
		};
		3ADD6A44216FCA2200759687 /* Obj-c */ = {
			isa = PBXGroup;
			children = (
				3ADD6A46216FCA2200759687 /* ThemesViewController */,
				3ADD6A49216FCA2200759687 /* ThemesViewControllerDelegate.h */,
				3ADD6A4B216FCA2200759687 /* Themes.h */,
				3A4445CD217131580047B1DE /* Themes.m */,
			);
			path = "Obj-c";
			sourceTree = "<group>";
		};
		3ADD6A46216FCA2200759687 /* ThemesViewController */ = {
			isa = PBXGroup;
			children = (
				3ADD6A47216FCA2200759687 /* ThemesViewController.h */,
				3ADD6A48216FCA2200759687 /* ThemesViewController.m */,
			);
			path = ThemesViewController;
			sourceTree = "<group>";
		};
		3AE33B442166441700B3264F /* Views */ = {
			isa = PBXGroup;
			children = (
				3A34045F2165F7D900D3FFB9 /* CellView */,
				3AE33B452166443D00B3264F /* ConversationsView.swift */,
				3A2A99FB216A2E2300A2D934 /* ConversationsListView.swift */,
			);
			path = Views;
			sourceTree = "<group>";
		};
		3AE33B47216649FE00B3264F /* MVP */ = {
			isa = PBXGroup;
			children = (
				3A34045B2165F4E000D3FFB9 /* Model */,
				3A34045E2165F7D100D3FFB9 /* Presenter */,
				3AE33B442166441700B3264F /* Views */,
			);
			path = MVP;
			sourceTree = "<group>";
		};
		3AF565E521677B2C0074BE3D /* Conversations */ = {
			isa = PBXGroup;
			children = (
				3AE33B4821664A2900B3264F /* ConversationsPresenter.swift */,
			);
			path = Conversations;
			sourceTree = "<group>";
		};
		3AF565E621677B710074BE3D /* Manager */ = {
			isa = PBXGroup;
			children = (
				3AF565E3216778270074BE3D /* MassageSingleton.swift */,
			);
			path = Manager;
			sourceTree = "<group>";
		};
		3AF8AFF12171BE3C00E5B145 /* Themes */ = {
			isa = PBXGroup;
			children = (
				3AF8AFF22171BE6700E5B145 /* ThemesViewController.swift */,
			);
			path = Themes;
			sourceTree = "<group>";
		};
/* End PBXGroup section */

/* Begin PBXNativeTarget section */
		3A4070BE2153ADAE00AA9583 /* tinkoffChat */ = {
			isa = PBXNativeTarget;
			buildConfigurationList = 3A4070DC2153ADB000AA9583 /* Build configuration list for PBXNativeTarget "tinkoffChat" */;
			buildPhases = (
				3A4070BB2153ADAE00AA9583 /* Sources */,
				3A4070BC2153ADAE00AA9583 /* Frameworks */,
				3A4070BD2153ADAE00AA9583 /* Resources */,
			);
			buildRules = (
			);
			dependencies = (
			);
			name = tinkoffChat;
			productName = tinkoffChat;
			productReference = 3A4070BF2153ADAE00AA9583 /* tinkoffChat.app */;
			productType = "com.apple.product-type.application";
		};
		3A4070D22153ADB000AA9583 /* tinkoffChatTests */ = {
			isa = PBXNativeTarget;
			buildConfigurationList = 3A4070DF2153ADB000AA9583 /* Build configuration list for PBXNativeTarget "tinkoffChatTests" */;
			buildPhases = (
				3A4070CF2153ADB000AA9583 /* Sources */,
				3A4070D02153ADB000AA9583 /* Frameworks */,
				3A4070D12153ADB000AA9583 /* Resources */,
			);
			buildRules = (
			);
			dependencies = (
				3A4070D52153ADB000AA9583 /* PBXTargetDependency */,
			);
			name = tinkoffChatTests;
			productName = tinkoffChatTests;
			productReference = 3A4070D32153ADB000AA9583 /* tinkoffChatTests.xctest */;
			productType = "com.apple.product-type.bundle.unit-test";
		};
		3AF34C35217261520072BBD3 /* tinkoffChat Swift */ = {
			isa = PBXNativeTarget;
			buildConfigurationList = 3AF34C54217261520072BBD3 /* Build configuration list for PBXNativeTarget "tinkoffChat Swift" */;
			buildPhases = (
				3AF34C36217261520072BBD3 /* Sources */,
				3AF34C4D217261520072BBD3 /* Frameworks */,
				3AF34C4E217261520072BBD3 /* Resources */,
			);
			buildRules = (
			);
			dependencies = (
			);
			name = "tinkoffChat Swift";
			productName = tinkoffChat;
			productReference = 3AF34C57217261520072BBD3 /* tinkoffChat Swift.app */;
			productType = "com.apple.product-type.application";
		};
/* End PBXNativeTarget section */

/* Begin PBXProject section */
		3A4070B72153ADAE00AA9583 /* Project object */ = {
			isa = PBXProject;
			attributes = {
				LastSwiftUpdateCheck = 1000;
				LastUpgradeCheck = 1000;
				ORGANIZATIONNAME = Switch;
				TargetAttributes = {
					3A4070BE2153ADAE00AA9583 = {
						CreatedOnToolsVersion = 10.0;
					};
					3A4070D22153ADB000AA9583 = {
						CreatedOnToolsVersion = 10.0;
						TestTargetID = 3A4070BE2153ADAE00AA9583;
					};
				};
			};
			buildConfigurationList = 3A4070BA2153ADAE00AA9583 /* Build configuration list for PBXProject "tinkoffChat" */;
			compatibilityVersion = "Xcode 9.3";
			developmentRegion = en;
			hasScannedForEncodings = 0;
			knownRegions = (
				en,
				Base,
			);
			mainGroup = 3A4070B62153ADAE00AA9583;
			productRefGroup = 3A4070C02153ADAE00AA9583 /* Products */;
			projectDirPath = "";
			projectRoot = "";
			targets = (
				3A4070BE2153ADAE00AA9583 /* tinkoffChat */,
				3A4070D22153ADB000AA9583 /* tinkoffChatTests */,
				3AF34C35217261520072BBD3 /* tinkoffChat Swift */,
			);
		};
/* End PBXProject section */

/* Begin PBXResourcesBuildPhase section */
		3A4070BD2153ADAE00AA9583 /* Resources */ = {
			isa = PBXResourcesBuildPhase;
			buildActionMask = 2147483647;
			files = (
				3A4070CD2153ADB000AA9583 /* LaunchScreen.storyboard in Resources */,
				3A4070CA2153ADB000AA9583 /* Assets.xcassets in Resources */,
				3A3404502165ECDC00D3FFB9 /* Conversations.storyboard in Resources */,
				3A4070C82153ADAE00AA9583 /* Profile.storyboard in Resources */,
			);
			runOnlyForDeploymentPostprocessing = 0;
		};
		3A4070D12153ADB000AA9583 /* Resources */ = {
			isa = PBXResourcesBuildPhase;
			buildActionMask = 2147483647;
			files = (
			);
			runOnlyForDeploymentPostprocessing = 0;
		};
		3AF34C4E217261520072BBD3 /* Resources */ = {
			isa = PBXResourcesBuildPhase;
			buildActionMask = 2147483647;
			files = (
				3AF34C4F217261520072BBD3 /* LaunchScreen.storyboard in Resources */,
				3AF34C50217261520072BBD3 /* Assets.xcassets in Resources */,
				3AF34C51217261520072BBD3 /* Conversations.storyboard in Resources */,
				3AF34C53217261520072BBD3 /* Profile.storyboard in Resources */,
			);
			runOnlyForDeploymentPostprocessing = 0;
		};
/* End PBXResourcesBuildPhase section */

/* Begin PBXSourcesBuildPhase section */
		3A4070BB2153ADAE00AA9583 /* Sources */ = {
			isa = PBXSourcesBuildPhase;
			buildActionMask = 2147483647;
			files = (
				3AF7150E2168F00400473345 /* ChatLabel.swift in Sources */,
				3A2A99FC216A2E2300A2D934 /* ConversationsListView.swift in Sources */,
				3AF565DE216745C80074BE3D /* ChatMassageCellIView.swift in Sources */,
				3AF565E221676B6A0074BE3D /* ConversationViewController.swift in Sources */,
				3A34045A2165F3ED00D3FFB9 /* MassageCellVIew.swift in Sources */,
				3AF565E0216754D40074BE3D /* NSMutableAttributedString + Bold.swift in Sources */,
				3AF565E4216778270074BE3D /* MassageSingleton.swift in Sources */,
				3AF8AFF62171D55800E5B145 /* UIColor + Theme.swift in Sources */,
				3A3404642165FA9C00D3FFB9 /* Date + String.swift in Sources */,
				3AE33B462166443D00B3264F /* ConversationsView.swift in Sources */,
				3A4070C32153ADAE00AA9583 /* AppDelegate.swift in Sources */,
				3A3404612165F7EF00D3FFB9 /* ConversationCellConfiguration.swift in Sources */,
				3ADD6A4D216FCA2200759687 /* ThemesViewController.m in Sources */,
				3AF20C232167C9A10072AFA1 /* MassageCellConfiguration.swift in Sources */,
				3A34045D2165F4EF00D3FFB9 /* MassageModel.swift in Sources */,
				3A2A99FA216A28E600A2D934 /* MassageTextModel.swift in Sources */,
				3A34044E216525A300D3FFB9 /* ConversationsListViewController.swift in Sources */,
				3A4445CE217131590047B1DE /* Themes.m in Sources */,
				3AF34C5B21729B220072BBD3 /* ProfileViewController.swift in Sources */,
				3AE33B4921664A2900B3264F /* ConversationsPresenter.swift in Sources */,
				3A2686BF215EC1250058D4DC /* UIViewController + Alerts.swift in Sources */,
			);
			runOnlyForDeploymentPostprocessing = 0;
		};
		3A4070CF2153ADB000AA9583 /* Sources */ = {
			isa = PBXSourcesBuildPhase;
			buildActionMask = 2147483647;
			files = (
				3A4070D82153ADB000AA9583 /* tinkoffChatTests.swift in Sources */,
			);
			runOnlyForDeploymentPostprocessing = 0;
		};
		3AF34C36217261520072BBD3 /* Sources */ = {
			isa = PBXSourcesBuildPhase;
			buildActionMask = 2147483647;
			files = (
				3AF34C37217261520072BBD3 /* ChatLabel.swift in Sources */,
				3AF34C38217261520072BBD3 /* ConversationsListView.swift in Sources */,
				3AF34C39217261520072BBD3 /* ChatMassageCellIView.swift in Sources */,
				3AF34C3A217261520072BBD3 /* ConversationViewController.swift in Sources */,
				3AF34C3B217261520072BBD3 /* MassageCellVIew.swift in Sources */,
				3AF34C3C217261520072BBD3 /* NSMutableAttributedString + Bold.swift in Sources */,
				3AF34C3D217261520072BBD3 /* MassageSingleton.swift in Sources */,
				3AF34C3E217261520072BBD3 /* UIColor + Theme.swift in Sources */,
				3AF34C3F217261520072BBD3 /* Date + String.swift in Sources */,
				3AF34C41217261520072BBD3 /* ConversationsView.swift in Sources */,
				3AF34C42217261520072BBD3 /* AppDelegate.swift in Sources */,
				3AF34C43217261520072BBD3 /* ConversationCellConfiguration.swift in Sources */,
				3AF34C45217261520072BBD3 /* ThemesViewController.swift in Sources */,
				3AF34C46217261520072BBD3 /* MassageCellConfiguration.swift in Sources */,
				3AF34C47217261520072BBD3 /* MassageModel.swift in Sources */,
				3AF34C48217261520072BBD3 /* MassageTextModel.swift in Sources */,
				3AF34C49217261520072BBD3 /* ConversationsListViewController.swift in Sources */,
				3AF34C4A217261520072BBD3 /* Themes.m in Sources */,
				3AF34C59217285EB0072BBD3 /* ProfileViewController.swift in Sources */,
				3AF34C4B217261520072BBD3 /* ConversationsPresenter.swift in Sources */,
				3AF34C4C217261520072BBD3 /* UIViewController + Alerts.swift in Sources */,
			);
			runOnlyForDeploymentPostprocessing = 0;
		};
/* End PBXSourcesBuildPhase section */

/* Begin PBXTargetDependency section */
		3A4070D52153ADB000AA9583 /* PBXTargetDependency */ = {
			isa = PBXTargetDependency;
			target = 3A4070BE2153ADAE00AA9583 /* tinkoffChat */;
			targetProxy = 3A4070D42153ADB000AA9583 /* PBXContainerItemProxy */;
		};
/* End PBXTargetDependency section */

/* Begin PBXVariantGroup section */
		3A4070C62153ADAE00AA9583 /* Profile.storyboard */ = {
			isa = PBXVariantGroup;
			children = (
				3A4070C72153ADAE00AA9583 /* Base */,
			);
			name = Profile.storyboard;
			sourceTree = "<group>";
		};
		3A4070CB2153ADB000AA9583 /* LaunchScreen.storyboard */ = {
			isa = PBXVariantGroup;
			children = (
				3A4070CC2153ADB000AA9583 /* Base */,
			);
			name = LaunchScreen.storyboard;
			sourceTree = "<group>";
		};
/* End PBXVariantGroup section */

/* Begin XCBuildConfiguration section */
		3A4070DA2153ADB000AA9583 /* Debug */ = {
			isa = XCBuildConfiguration;
			buildSettings = {
				ALWAYS_SEARCH_USER_PATHS = NO;
				CLANG_ANALYZER_NONNULL = YES;
				CLANG_ANALYZER_NUMBER_OBJECT_CONVERSION = YES_AGGRESSIVE;
				CLANG_CXX_LANGUAGE_STANDARD = "gnu++14";
				CLANG_CXX_LIBRARY = "libc++";
				CLANG_ENABLE_MODULES = YES;
				CLANG_ENABLE_OBJC_ARC = NO;
				CLANG_ENABLE_OBJC_WEAK = YES;
				CLANG_WARN_BLOCK_CAPTURE_AUTORELEASING = YES;
				CLANG_WARN_BOOL_CONVERSION = YES;
				CLANG_WARN_COMMA = YES;
				CLANG_WARN_CONSTANT_CONVERSION = YES;
				CLANG_WARN_DEPRECATED_OBJC_IMPLEMENTATIONS = YES;
				CLANG_WARN_DIRECT_OBJC_ISA_USAGE = YES_ERROR;
				CLANG_WARN_DOCUMENTATION_COMMENTS = YES;
				CLANG_WARN_EMPTY_BODY = YES;
				CLANG_WARN_ENUM_CONVERSION = YES;
				CLANG_WARN_INFINITE_RECURSION = YES;
				CLANG_WARN_INT_CONVERSION = YES;
				CLANG_WARN_NON_LITERAL_NULL_CONVERSION = YES;
				CLANG_WARN_OBJC_IMPLICIT_RETAIN_SELF = YES;
				CLANG_WARN_OBJC_LITERAL_CONVERSION = YES;
				CLANG_WARN_OBJC_ROOT_CLASS = YES_ERROR;
				CLANG_WARN_RANGE_LOOP_ANALYSIS = YES;
				CLANG_WARN_STRICT_PROTOTYPES = YES;
				CLANG_WARN_SUSPICIOUS_MOVE = YES;
				CLANG_WARN_UNGUARDED_AVAILABILITY = YES_AGGRESSIVE;
				CLANG_WARN_UNREACHABLE_CODE = YES;
				CLANG_WARN__DUPLICATE_METHOD_MATCH = YES;
				CODE_SIGN_IDENTITY = "iPhone Developer";
				COPY_PHASE_STRIP = NO;
				DEBUG_INFORMATION_FORMAT = dwarf;
				ENABLE_STRICT_OBJC_MSGSEND = YES;
				ENABLE_TESTABILITY = YES;
				GCC_C_LANGUAGE_STANDARD = gnu11;
				GCC_DYNAMIC_NO_PIC = NO;
				GCC_NO_COMMON_BLOCKS = YES;
				GCC_OPTIMIZATION_LEVEL = 0;
				GCC_PREPROCESSOR_DEFINITIONS = (
					"DEBUG=1",
					"$(inherited)",
				);
				GCC_WARN_64_TO_32_BIT_CONVERSION = YES;
				GCC_WARN_ABOUT_RETURN_TYPE = YES_ERROR;
				GCC_WARN_UNDECLARED_SELECTOR = YES;
				GCC_WARN_UNINITIALIZED_AUTOS = YES_AGGRESSIVE;
				GCC_WARN_UNUSED_FUNCTION = YES;
				GCC_WARN_UNUSED_VARIABLE = YES;
				IPHONEOS_DEPLOYMENT_TARGET = 12.0;
				MTL_ENABLE_DEBUG_INFO = INCLUDE_SOURCE;
				MTL_FAST_MATH = YES;
				ONLY_ACTIVE_ARCH = YES;
				SDKROOT = iphoneos;
				SWIFT_ACTIVE_COMPILATION_CONDITIONS = DEBUG;
				SWIFT_OPTIMIZATION_LEVEL = "-Onone";
			};
			name = Debug;
		};
		3A4070DB2153ADB000AA9583 /* Release */ = {
			isa = XCBuildConfiguration;
			buildSettings = {
				ALWAYS_SEARCH_USER_PATHS = NO;
				CLANG_ANALYZER_NONNULL = YES;
				CLANG_ANALYZER_NUMBER_OBJECT_CONVERSION = YES_AGGRESSIVE;
				CLANG_CXX_LANGUAGE_STANDARD = "gnu++14";
				CLANG_CXX_LIBRARY = "libc++";
				CLANG_ENABLE_MODULES = YES;
				CLANG_ENABLE_OBJC_ARC = NO;
				CLANG_ENABLE_OBJC_WEAK = YES;
				CLANG_WARN_BLOCK_CAPTURE_AUTORELEASING = YES;
				CLANG_WARN_BOOL_CONVERSION = YES;
				CLANG_WARN_COMMA = YES;
				CLANG_WARN_CONSTANT_CONVERSION = YES;
				CLANG_WARN_DEPRECATED_OBJC_IMPLEMENTATIONS = YES;
				CLANG_WARN_DIRECT_OBJC_ISA_USAGE = YES_ERROR;
				CLANG_WARN_DOCUMENTATION_COMMENTS = YES;
				CLANG_WARN_EMPTY_BODY = YES;
				CLANG_WARN_ENUM_CONVERSION = YES;
				CLANG_WARN_INFINITE_RECURSION = YES;
				CLANG_WARN_INT_CONVERSION = YES;
				CLANG_WARN_NON_LITERAL_NULL_CONVERSION = YES;
				CLANG_WARN_OBJC_IMPLICIT_RETAIN_SELF = YES;
				CLANG_WARN_OBJC_LITERAL_CONVERSION = YES;
				CLANG_WARN_OBJC_ROOT_CLASS = YES_ERROR;
				CLANG_WARN_RANGE_LOOP_ANALYSIS = YES;
				CLANG_WARN_STRICT_PROTOTYPES = YES;
				CLANG_WARN_SUSPICIOUS_MOVE = YES;
				CLANG_WARN_UNGUARDED_AVAILABILITY = YES_AGGRESSIVE;
				CLANG_WARN_UNREACHABLE_CODE = YES;
				CLANG_WARN__DUPLICATE_METHOD_MATCH = YES;
				CODE_SIGN_IDENTITY = "iPhone Developer";
				COPY_PHASE_STRIP = NO;
				DEBUG_INFORMATION_FORMAT = "dwarf-with-dsym";
				ENABLE_NS_ASSERTIONS = NO;
				ENABLE_STRICT_OBJC_MSGSEND = YES;
				GCC_C_LANGUAGE_STANDARD = gnu11;
				GCC_NO_COMMON_BLOCKS = YES;
				GCC_WARN_64_TO_32_BIT_CONVERSION = YES;
				GCC_WARN_ABOUT_RETURN_TYPE = YES_ERROR;
				GCC_WARN_UNDECLARED_SELECTOR = YES;
				GCC_WARN_UNINITIALIZED_AUTOS = YES_AGGRESSIVE;
				GCC_WARN_UNUSED_FUNCTION = YES;
				GCC_WARN_UNUSED_VARIABLE = YES;
				IPHONEOS_DEPLOYMENT_TARGET = 12.0;
				MTL_ENABLE_DEBUG_INFO = NO;
				MTL_FAST_MATH = YES;
				SDKROOT = iphoneos;
				SWIFT_COMPILATION_MODE = wholemodule;
				SWIFT_OPTIMIZATION_LEVEL = "-O";
				VALIDATE_PRODUCT = YES;
			};
			name = Release;
		};
		3A4070DD2153ADB000AA9583 /* Debug */ = {
			isa = XCBuildConfiguration;
			buildSettings = {
				ALWAYS_EMBED_SWIFT_STANDARD_LIBRARIES = NO;
				ASSETCATALOG_COMPILER_APPICON_NAME = AppIcon;
				CODE_SIGN_STYLE = Automatic;
				DEFINES_MODULE = NO;
				DEVELOPMENT_TEAM = 2H932YHW79;
				INFOPLIST_FILE = tinkoffChat/Info.plist;
				IPHONEOS_DEPLOYMENT_TARGET = 11.0;
				LD_RUNPATH_SEARCH_PATHS = (
					"$(inherited)",
					"@executable_path/Frameworks",
				);
				PRODUCT_BUNDLE_IDENTIFIER = ru.Switch.tinkoffChat;
				PRODUCT_NAME = "$(TARGET_NAME)";
				SWIFT_ACTIVE_COMPILATION_CONDITIONS = OBJ;
				SWIFT_OBJC_BRIDGING_HEADER = "$(SRCROOT)/tinkoffChat/tinkoffChat-Bridging-Header.h";
				SWIFT_VERSION = 4.2;
				TARGETED_DEVICE_FAMILY = 1;
			};
			name = Debug;
		};
		3A4070DE2153ADB000AA9583 /* Release */ = {
			isa = XCBuildConfiguration;
			buildSettings = {
				ALWAYS_EMBED_SWIFT_STANDARD_LIBRARIES = NO;
				ASSETCATALOG_COMPILER_APPICON_NAME = AppIcon;
				CODE_SIGN_STYLE = Automatic;
				DEFINES_MODULE = NO;
				DEVELOPMENT_TEAM = 2H932YHW79;
				INFOPLIST_FILE = tinkoffChat/Info.plist;
				IPHONEOS_DEPLOYMENT_TARGET = 11.0;
				LD_RUNPATH_SEARCH_PATHS = (
					"$(inherited)",
					"@executable_path/Frameworks",
				);
				PRODUCT_BUNDLE_IDENTIFIER = ru.Switch.tinkoffChat;
				PRODUCT_NAME = "$(TARGET_NAME)";
				SWIFT_OBJC_BRIDGING_HEADER = "$(SRCROOT)/tinkoffChat/tinkoffChat-Bridging-Header.h";
				SWIFT_VERSION = 4.2;
				TARGETED_DEVICE_FAMILY = 1;
			};
			name = Release;
		};
		3A4070E02153ADB000AA9583 /* Debug */ = {
			isa = XCBuildConfiguration;
			buildSettings = {
				ALWAYS_EMBED_SWIFT_STANDARD_LIBRARIES = YES;
				BUNDLE_LOADER = "$(TEST_HOST)";
				CODE_SIGN_STYLE = Automatic;
				DEVELOPMENT_TEAM = 2H932YHW79;
				INFOPLIST_FILE = tinkoffChatTests/Info.plist;
				LD_RUNPATH_SEARCH_PATHS = (
					"$(inherited)",
					"@executable_path/Frameworks",
					"@loader_path/Frameworks",
				);
				PRODUCT_BUNDLE_IDENTIFIER = ru.Switch.tinkoffChatTests;
				PRODUCT_NAME = "$(TARGET_NAME)";
				SWIFT_VERSION = 4.2;
				TARGETED_DEVICE_FAMILY = "1,2";
				TEST_HOST = "$(BUILT_PRODUCTS_DIR)/tinkoffChat.app/tinkoffChat";
			};
			name = Debug;
		};
		3A4070E12153ADB000AA9583 /* Release */ = {
			isa = XCBuildConfiguration;
			buildSettings = {
				ALWAYS_EMBED_SWIFT_STANDARD_LIBRARIES = YES;
				BUNDLE_LOADER = "$(TEST_HOST)";
				CODE_SIGN_STYLE = Automatic;
				DEVELOPMENT_TEAM = 2H932YHW79;
				INFOPLIST_FILE = tinkoffChatTests/Info.plist;
				LD_RUNPATH_SEARCH_PATHS = (
					"$(inherited)",
					"@executable_path/Frameworks",
					"@loader_path/Frameworks",
				);
				PRODUCT_BUNDLE_IDENTIFIER = ru.Switch.tinkoffChatTests;
				PRODUCT_NAME = "$(TARGET_NAME)";
				SWIFT_VERSION = 4.2;
				TARGETED_DEVICE_FAMILY = "1,2";
				TEST_HOST = "$(BUILT_PRODUCTS_DIR)/tinkoffChat.app/tinkoffChat";
			};
			name = Release;
		};
		3AF34C55217261520072BBD3 /* Debug */ = {
			isa = XCBuildConfiguration;
			buildSettings = {
				ASSETCATALOG_COMPILER_APPICON_NAME = AppIcon;
				CODE_SIGN_STYLE = Automatic;
				DEFINES_MODULE = NO;
				DEVELOPMENT_TEAM = 2H932YHW79;
				INFOPLIST_FILE = "tinkoffChat Swift-Info.plist";
				IPHONEOS_DEPLOYMENT_TARGET = 11.0;
				LD_RUNPATH_SEARCH_PATHS = (
					"$(inherited)",
					"@executable_path/Frameworks",
				);
				OTHER_SWIFT_FLAGS = "-DDEVELOPMENT";
				PRODUCT_BUNDLE_IDENTIFIER = ru.Switch.tinkoffChatSwift;
				PRODUCT_NAME = "$(TARGET_NAME)";
				SWIFT_ACTIVE_COMPILATION_CONDITIONS = SWIFT;
				SWIFT_OBJC_BRIDGING_HEADER = "$(SRCROOT)/tinkoffChat/tinkoffChat-Bridging-Header.h";
				SWIFT_OBJC_INTERFACE_HEADER_NAME = "tinkoffChat-Swift.h";
				SWIFT_VERSION = 4.2;
				TARGETED_DEVICE_FAMILY = 1;
			};
			name = Debug;
		};
		3AF34C56217261520072BBD3 /* Release */ = {
			isa = XCBuildConfiguration;
			buildSettings = {
				ASSETCATALOG_COMPILER_APPICON_NAME = AppIcon;
				CODE_SIGN_STYLE = Automatic;
				DEFINES_MODULE = NO;
				DEVELOPMENT_TEAM = 2H932YHW79;
				INFOPLIST_FILE = "tinkoffChat Swift-Info.plist";
				IPHONEOS_DEPLOYMENT_TARGET = 11.0;
				LD_RUNPATH_SEARCH_PATHS = (
					"$(inherited)",
					"@executable_path/Frameworks",
				);
				OTHER_SWIFT_FLAGS = "-DDEVELOPMENT";
				PRODUCT_BUNDLE_IDENTIFIER = ru.Switch.tinkoffChatSwift;
				PRODUCT_NAME = "$(TARGET_NAME)";
				SWIFT_OBJC_BRIDGING_HEADER = "$(SRCROOT)/tinkoffChat/tinkoffChat-Bridging-Header.h";
				SWIFT_OBJC_INTERFACE_HEADER_NAME = "tinkoffChat-Swift.h";
				SWIFT_VERSION = 4.2;
				TARGETED_DEVICE_FAMILY = 1;
			};
			name = Release;
		};
/* End XCBuildConfiguration section */

/* Begin XCConfigurationList section */
		3A4070BA2153ADAE00AA9583 /* Build configuration list for PBXProject "tinkoffChat" */ = {
			isa = XCConfigurationList;
			buildConfigurations = (
				3A4070DA2153ADB000AA9583 /* Debug */,
				3A4070DB2153ADB000AA9583 /* Release */,
			);
			defaultConfigurationIsVisible = 0;
			defaultConfigurationName = Release;
		};
		3A4070DC2153ADB000AA9583 /* Build configuration list for PBXNativeTarget "tinkoffChat" */ = {
			isa = XCConfigurationList;
			buildConfigurations = (
				3A4070DD2153ADB000AA9583 /* Debug */,
				3A4070DE2153ADB000AA9583 /* Release */,
			);
			defaultConfigurationIsVisible = 0;
			defaultConfigurationName = Release;
		};
		3A4070DF2153ADB000AA9583 /* Build configuration list for PBXNativeTarget "tinkoffChatTests" */ = {
			isa = XCConfigurationList;
			buildConfigurations = (
				3A4070E02153ADB000AA9583 /* Debug */,
				3A4070E12153ADB000AA9583 /* Release */,
			);
			defaultConfigurationIsVisible = 0;
			defaultConfigurationName = Release;
		};
		3AF34C54217261520072BBD3 /* Build configuration list for PBXNativeTarget "tinkoffChat Swift" */ = {
			isa = XCConfigurationList;
			buildConfigurations = (
				3AF34C55217261520072BBD3 /* Debug */,
				3AF34C56217261520072BBD3 /* Release */,
			);
			defaultConfigurationIsVisible = 0;
			defaultConfigurationName = Release;
		};
/* End XCConfigurationList section */
	};
	rootObject = 3A4070B72153ADAE00AA9583 /* Project object */;
}
